<?xml version="1.0" encoding="utf-8"?>
<Project ToolsVersion="4.0" xmlns="http://schemas.microsoft.com/developer/msbuild/2003">
  <ItemGroup>
    <Filter Include="Header Files">
      <UniqueIdentifier>{76cedd9f-be1c-4ef5-8e5b-a6cfbb5899f7}</UniqueIdentifier>
      <Extensions>h;hpp;hxx;hm;inl</Extensions>
    </Filter>
    <Filter Include="Resource Files">
      <UniqueIdentifier>{ece43b54-2110-499b-b923-d279574801e0}</UniqueIdentifier>
      <Extensions>ico;cur;bmp;dlg;rc2;rct;bin;rgs;gif;jpg;jpeg;jpe</Extensions>
    </Filter>
    <Filter Include="Source Files">
      <UniqueIdentifier>{2b3c935c-0f37-418a-9fb7-5fea0dff0c7e}</UniqueIdentifier>
      <Extensions>cpp;c;cxx;rc;def;r;odl;idl;hpj;bat</Extensions>
    </Filter>
  </ItemGroup>
  <ItemGroup>
    <ClInclude Include="ABContDlg.h">
      <Filter>Header Files</Filter>
    </ClInclude>
    <ClInclude Include="ABDlg.h">
      <Filter>Header Files</Filter>
    </ClInclude>
    <ClInclude Include="AboutDlg.h">
      <Filter>Header Files</Filter>
    </ClInclude>
    <ClInclude Include="AclDlg.h">
      <Filter>Header Files</Filter>
    </ClInclude>
    <ClInclude Include="AdviseSink.h">
      <Filter>Header Files</Filter>
    </ClInclude>
    <ClInclude Include="AttachmentsDlg.h">
      <Filter>Header Files</Filter>
    </ClInclude>
    <ClInclude Include="BaseDialog.h">
      <Filter>Header Files</Filter>
    </ClInclude>
    <ClInclude Include="ColumnTags.h">
      <Filter>Header Files</Filter>
    </ClInclude>
    <ClInclude Include="ContentsTableDlg.h">
      <Filter>Header Files</Filter>
    </ClInclude>
    <ClInclude Include="ContentsTableListCtrl.h">
      <Filter>Header Files</Filter>
    </ClInclude>
    <ClInclude Include="DbgView.h">
      <Filter>Header Files</Filter>
    </ClInclude>
    <ClInclude Include="Dialog.h">
      <Filter>Header Files</Filter>
    </ClInclude>
    <ClInclude Include="DumpStore.h">
      <Filter>Header Files</Filter>
    </ClInclude>
    <ClInclude Include="Editor.h">
      <Filter>Header Files</Filter>
    </ClInclude>
    <ClInclude Include="Enums.h">
      <Filter>Header Files</Filter>
    </ClInclude>
    <ClInclude Include="Error.h">
      <Filter>Header Files</Filter>
    </ClInclude>
    <ClInclude Include="ErrorArray.h">
      <Filter>Header Files</Filter>
    </ClInclude>
    <ClInclude Include="ExtraPropTags.h">
      <Filter>Header Files</Filter>
    </ClInclude>
    <ClInclude Include="FakeSplitter.h">
      <Filter>Header Files</Filter>
    </ClInclude>
    <ClInclude Include="File.h">
      <Filter>Header Files</Filter>
    </ClInclude>
    <ClInclude Include="FileDialogEx.h">
      <Filter>Header Files</Filter>
    </ClInclude>
    <ClInclude Include="Flags.h">
      <Filter>Header Files</Filter>
    </ClInclude>
    <ClInclude Include="FolderDlg.h">
      <Filter>Header Files</Filter>
    </ClInclude>
    <ClInclude Include="FormContainerDlg.h">
      <Filter>Header Files</Filter>
    </ClInclude>
    <ClInclude Include="GenTagArray.h">
      <Filter>Header Files</Filter>
    </ClInclude>
    <ClInclude Include="GUIDArray.h">
      <Filter>Header Files</Filter>
    </ClInclude>
    <ClInclude Include="Guids.h">
      <Filter>Header Files</Filter>
    </ClInclude>
    <ClInclude Include="HexEditor.h">
      <Filter>Header Files</Filter>
    </ClInclude>
    <ClInclude Include="HierarchyTableDlg.h">
      <Filter>Header Files</Filter>
    </ClInclude>
    <ClInclude Include="HierarchyTableTreeCtrl.h">
      <Filter>Header Files</Filter>
    </ClInclude>
    <ClInclude Include="ImportProcs.h">
      <Filter>Header Files</Filter>
    </ClInclude>
    <ClInclude Include="InterpretProp.h">
      <Filter>Header Files</Filter>
    </ClInclude>
    <ClInclude Include="InterpretProp2.h">
      <Filter>Header Files</Filter>
    </ClInclude>
    <ClInclude Include="MailboxTableDlg.h">
      <Filter>Header Files</Filter>
    </ClInclude>
    <ClInclude Include="MainDlg.h">
      <Filter>Header Files</Filter>
    </ClInclude>
    <ClInclude Include="MAPIABFunctions.h">
      <Filter>Header Files</Filter>
    </ClInclude>
    <ClInclude Include="MAPIFormFunctions.h">
      <Filter>Header Files</Filter>
    </ClInclude>
    <ClInclude Include="MAPIFunctions.h">
      <Filter>Header Files</Filter>
    </ClInclude>
    <ClInclude Include="MapiMime.h">
      <Filter>Header Files</Filter>
    </ClInclude>
    <ClInclude Include="MapiObjects.h">
      <Filter>Header Files</Filter>
    </ClInclude>
    <ClInclude Include="MapiProcessor.h">
      <Filter>Header Files</Filter>
    </ClInclude>
    <ClInclude Include="MAPIProfileFunctions.h">
      <Filter>Header Files</Filter>
    </ClInclude>
    <ClInclude Include="MAPIProgress.h">
      <Filter>Header Files</Filter>
    </ClInclude>
    <ClInclude Include="MAPIStoreFunctions.h">
      <Filter>Header Files</Filter>
    </ClInclude>
    <ClInclude Include="MFCMAPI.h">
      <Filter>Header Files</Filter>
    </ClInclude>
    <ClInclude Include="MFCOutput.h">
      <Filter>Header Files</Filter>
    </ClInclude>
    <ClInclude Include="MFCUtilityFunctions.h">
      <Filter>Header Files</Filter>
    </ClInclude>
    <ClInclude Include="MsgServiceTableDlg.h">
      <Filter>Header Files</Filter>
    </ClInclude>
    <ClInclude Include="MsgStoreDlg.h">
      <Filter>Header Files</Filter>
    </ClInclude>
    <ClInclude Include="MyMAPIFormViewer.h">
      <Filter>Header Files</Filter>
    </ClInclude>
    <ClInclude Include="MySecInfo.h">
      <Filter>Header Files</Filter>
    </ClInclude>
    <ClInclude Include="MyWinApp.h">
      <Filter>Header Files</Filter>
    </ClInclude>
    <ClInclude Include="NamedPropCache.h">
      <Filter>Header Files</Filter>
    </ClInclude>
    <ClInclude Include="nameidarray.h">
      <Filter>Header Files</Filter>
    </ClInclude>
    <ClInclude Include="ParentWnd.h">
      <Filter>Header Files</Filter>
    </ClInclude>
    <ClInclude Include="ProfileListDlg.h">
      <Filter>Header Files</Filter>
    </ClInclude>
    <ClInclude Include="PropertyEditor.h">
      <Filter>Header Files</Filter>
    </ClInclude>
    <ClInclude Include="PropertyTagEditor.h">
      <Filter>Header Files</Filter>
    </ClInclude>
    <ClInclude Include="PropTypeArray.h">
      <Filter>Header Files</Filter>
    </ClInclude>
    <ClInclude Include="ProviderTableDlg.h">
      <Filter>Header Files</Filter>
    </ClInclude>
    <ClInclude Include="PublicFolderTableDlg.h">
      <Filter>Header Files</Filter>
    </ClInclude>
    <ClInclude Include="RecipientsDlg.h">
      <Filter>Header Files</Filter>
    </ClInclude>
    <ClInclude Include="Registry.h">
      <Filter>Header Files</Filter>
    </ClInclude>
    <ClInclude Include="Resource.h">
      <Filter>Header Files</Filter>
    </ClInclude>
    <ClInclude Include="RestrictEditor.h">
      <Filter>Header Files</Filter>
    </ClInclude>
    <ClInclude Include="RulesDlg.h">
      <Filter>Header Files</Filter>
    </ClInclude>
    <ClInclude Include="SingleMAPIPropListCtrl.h">
      <Filter>Header Files</Filter>
    </ClInclude>
    <ClInclude Include="SmartView.h">
      <Filter>Header Files</Filter>
    </ClInclude>
    <ClInclude Include="SmartViewParsers.h">
      <Filter>Header Files</Filter>
    </ClInclude>
    <ClInclude Include="SortHeader.h">
      <Filter>Header Files</Filter>
    </ClInclude>
    <ClInclude Include="SortListCtrl.h">
      <Filter>Header Files</Filter>
    </ClInclude>
    <ClInclude Include="StdAfx.h">
      <Filter>Header Files</Filter>
    </ClInclude>
    <ClInclude Include="StreamEditor.h">
      <Filter>Header Files</Filter>
    </ClInclude>
    <ClInclude Include="TagArrayEditor.h">
      <Filter>Header Files</Filter>
    </ClInclude>
    <ClInclude Include="UIFunctions.h">
      <Filter>Header Files</Filter>
    </ClInclude>
  </ItemGroup>
  <ItemGroup>
    <ResourceCompile Include="Res\bldver.rc">
      <Filter>Resource Files</Filter>
    </ResourceCompile>
    <ResourceCompile Include="MFCMapi.rc">
      <Filter>Source Files</Filter>
    </ResourceCompile>
  </ItemGroup>
  <ItemGroup>
    <None Include="MFCMapi.ico">
      <Filter>Resource Files</Filter>
    </None>
    <None Include="res\MFCMapi.rc2">
      <Filter>Resource Files</Filter>
    </None>
    <None Include="Issues.txt" />
    <None Include="ReadMe.txt" />
    <None Include="Res\icons.bmp">
      <Filter>Resource Files</Filter>
    </None>
    <None Include="res\splitv.cur">
      <Filter>Resource Files</Filter>
    </None>
    <None Include="res\splith.cur">
      <Filter>Resource Files</Filter>
    </None>
    <None Include="Res\advise.bmp">
      <Filter>Resource Files</Filter>
    </None>
    <None Include="Res\MFCMAPI64x64_logo.bmp">
      <Filter>Resource Files</Filter>
    </None>
  </ItemGroup>
  <ItemGroup>
    <ClCompile Include="ABContDlg.cpp">
      <Filter>Source Files</Filter>
    </ClCompile>
    <ClCompile Include="AbDlg.cpp">
      <Filter>Source Files</Filter>
    </ClCompile>
    <ClCompile Include="AboutDlg.cpp">
      <Filter>Source Files</Filter>
    </ClCompile>
    <ClCompile Include="AclDlg.cpp">
      <Filter>Source Files</Filter>
    </ClCompile>
    <ClCompile Include="AddIns.cpp">
      <Filter>Source Files</Filter>
    </ClCompile>
    <ClCompile Include="AdviseSink.cpp">
      <Filter>Source Files</Filter>
    </ClCompile>
    <ClCompile Include="AttachmentsDlg.cpp">
      <Filter>Source Files</Filter>
    </ClCompile>
    <ClCompile Include="BaseDialog.cpp">
      <Filter>Source Files</Filter>
    </ClCompile>
    <ClCompile Include="ContentsTableDlg.cpp">
      <Filter>Source Files</Filter>
    </ClCompile>
    <ClCompile Include="ContentsTableListCtrl.cpp">
      <Filter>Source Files</Filter>
    </ClCompile>
    <ClCompile Include="DbgView.cpp">
      <Filter>Source Files</Filter>
    </ClCompile>
    <ClCompile Include="Dialog.cpp">
      <Filter>Source Files</Filter>
    </ClCompile>
    <ClCompile Include="DumpStore.cpp">
      <Filter>Source Files</Filter>
    </ClCompile>
    <ClCompile Include="Editor.cpp">
      <Filter>Source Files</Filter>
    </ClCompile>
    <ClCompile Include="Error.cpp">
      <Filter>Source Files</Filter>
    </ClCompile>
    <ClCompile Include="FakeSplitter.cpp">
      <Filter>Source Files</Filter>
    </ClCompile>
    <ClCompile Include="File.cpp">
      <Filter>Source Files</Filter>
    </ClCompile>
    <ClCompile Include="FileDialogEx.cpp">
      <Filter>Source Files</Filter>
    </ClCompile>
    <ClCompile Include="FolderDlg.cpp">
      <Filter>Source Files</Filter>
    </ClCompile>
    <ClCompile Include="FormContainerDlg.cpp">
      <Filter>Source Files</Filter>
    </ClCompile>
    <ClCompile Include="Guids.cpp">
      <Filter>Source Files</Filter>
    </ClCompile>
    <ClCompile Include="HexEditor.cpp">
      <Filter>Source Files</Filter>
    </ClCompile>
    <ClCompile Include="HierarchyTableDlg.cpp">
      <Filter>Source Files</Filter>
    </ClCompile>
    <ClCompile Include="HierarchyTableTreeCtrl.cpp">
      <Filter>Source Files</Filter>
    </ClCompile>
    <ClCompile Include="ImportProcs.cpp">
      <Filter>Source Files</Filter>
    </ClCompile>
    <ClCompile Include="InterpretProp.cpp">
      <Filter>Source Files</Filter>
    </ClCompile>
    <ClCompile Include="InterpretProp2.cpp">
      <Filter>Source Files</Filter>
    </ClCompile>
    <ClCompile Include="MailboxTableDlg.cpp">
      <Filter>Source Files</Filter>
    </ClCompile>
    <ClCompile Include="MainDlg.cpp">
      <Filter>Source Files</Filter>
    </ClCompile>
    <ClCompile Include="MAPIABFunctions.cpp">
      <Filter>Source Files</Filter>
    </ClCompile>
    <ClCompile Include="MAPIFormFunctions.cpp">
      <Filter>Source Files</Filter>
    </ClCompile>
    <ClCompile Include="MAPIFunctions.cpp">
      <Filter>Source Files</Filter>
    </ClCompile>
    <ClCompile Include="MapiMime.cpp">
      <Filter>Source Files</Filter>
    </ClCompile>
    <ClCompile Include="MapiObjects.cpp">
      <Filter>Source Files</Filter>
    </ClCompile>
    <ClCompile Include="MapiProcessor.cpp">
      <Filter>Source Files</Filter>
    </ClCompile>
    <ClCompile Include="MAPIProfileFunctions.cpp">
      <Filter>Source Files</Filter>
    </ClCompile>
    <ClCompile Include="MAPIProgress.cpp">
      <Filter>Source Files</Filter>
    </ClCompile>
    <ClCompile Include="MapiStubLibrary.cpp">
      <Filter>Source Files</Filter>
    </ClCompile>
    <ClCompile Include="MAPIStoreFunctions.cpp">
      <Filter>Source Files</Filter>
    </ClCompile>
    <ClCompile Include="MFCOutput.cpp">
      <Filter>Source Files</Filter>
    </ClCompile>
    <ClCompile Include="MFCUtilityFunctions.cpp">
      <Filter>Source Files</Filter>
    </ClCompile>
    <ClCompile Include="MMAcls.cpp">
      <Filter>Source Files</Filter>
    </ClCompile>
    <ClCompile Include="MMContents.cpp">
      <Filter>Source Files</Filter>
    </ClCompile>
    <ClCompile Include="MMErr.cpp">
      <Filter>Source Files</Filter>
    </ClCompile>
    <ClCompile Include="MMMapiMime.cpp">
      <Filter>Source Files</Filter>
    </ClCompile>
    <ClCompile Include="MMPropTag.cpp">
      <Filter>Source Files</Filter>
    </ClCompile>
    <ClCompile Include="MMRules.cpp">
      <Filter>Source Files</Filter>
    </ClCompile>
    <ClCompile Include="MMSmartView.cpp">
      <Filter>Source Files</Filter>
    </ClCompile>
    <ClCompile Include="MrMAPI.cpp">
      <Filter>Source Files</Filter>
    </ClCompile>
    <ClCompile Include="MsgServiceTableDlg.cpp">
      <Filter>Source Files</Filter>
    </ClCompile>
    <ClCompile Include="MsgStoreDlg.cpp">
      <Filter>Source Files</Filter>
    </ClCompile>
    <ClCompile Include="MyMAPIFormViewer.cpp">
      <Filter>Source Files</Filter>
    </ClCompile>
    <ClCompile Include="MySecInfo.cpp">
      <Filter>Source Files</Filter>
    </ClCompile>
    <ClCompile Include="MyWinApp.cpp">
      <Filter>Source Files</Filter>
    </ClCompile>
    <ClCompile Include="NamedPropCache.cpp">
      <Filter>Source Files</Filter>
    </ClCompile>
    <ClCompile Include="ParentWnd.cpp">
      <Filter>Source Files</Filter>
    </ClCompile>
    <ClCompile Include="ProfileListDlg.cpp">
      <Filter>Source Files</Filter>
    </ClCompile>
    <ClCompile Include="PropertyEditor.cpp">
      <Filter>Source Files</Filter>
    </ClCompile>
    <ClCompile Include="PropertyTagEditor.cpp">
      <Filter>Source Files</Filter>
    </ClCompile>
    <ClCompile Include="ProviderTableDlg.cpp">
      <Filter>Source Files</Filter>
    </ClCompile>
    <ClCompile Include="PublicFolderTableDlg.cpp">
      <Filter>Source Files</Filter>
    </ClCompile>
    <ClCompile Include="RecipientsDlg.cpp">
      <Filter>Source Files</Filter>
    </ClCompile>
    <ClCompile Include="Registry.cpp">
      <Filter>Source Files</Filter>
    </ClCompile>
    <ClCompile Include="RestrictEditor.cpp">
      <Filter>Source Files</Filter>
    </ClCompile>
    <ClCompile Include="RulesDlg.cpp">
      <Filter>Source Files</Filter>
    </ClCompile>
    <ClCompile Include="SingleMAPIPropListCtrl.cpp">
      <Filter>Source Files</Filter>
    </ClCompile>
    <ClCompile Include="SmartView.cpp">
      <Filter>Source Files</Filter>
    </ClCompile>
    <ClCompile Include="SortHeader.cpp">
      <Filter>Source Files</Filter>
    </ClCompile>
    <ClCompile Include="SortListCtrl.cpp">
      <Filter>Source Files</Filter>
    </ClCompile>
    <ClCompile Include="StreamEditor.cpp">
      <Filter>Source Files</Filter>
    </ClCompile>
    <ClCompile Include="StubUtils.cpp">
      <Filter>Source Files</Filter>
    </ClCompile>
    <ClCompile Include="TagArrayEditor.cpp">
      <Filter>Source Files</Filter>
    </ClCompile>
    <ClCompile Include="MMFidMid.cpp">
      <Filter>Source Files</Filter>
    </ClCompile>
    <ClCompile Include="MMFolder.cpp">
      <Filter>Source Files</Filter>
    </ClCompile>
    <ClCompile Include="UIFunctions.cpp">
      <Filter>Source Files</Filter>
    </ClCompile>
  </ItemGroup>
  <ItemGroup>
    <CustomBuildStep Include="MMAcls.h">
      <Filter>Header Files</Filter>
    </CustomBuildStep>
    <CustomBuildStep Include="MMContents.h">
      <Filter>Header Files</Filter>
    </CustomBuildStep>
    <CustomBuildStep Include="MMErr.h">
      <Filter>Header Files</Filter>
    </CustomBuildStep>
    <CustomBuildStep Include="MMMapiMime.h">
      <Filter>Header Files</Filter>
    </CustomBuildStep>
    <CustomBuildStep Include="MMPropTag.h">
      <Filter>Header Files</Filter>
    </CustomBuildStep>
    <CustomBuildStep Include="MMRules.h">
      <Filter>Header Files</Filter>
    </CustomBuildStep>
    <CustomBuildStep Include="MMSmartView.h">
      <Filter>Header Files</Filter>
    </CustomBuildStep>
    <CustomBuildStep Include="MrMAPI.h">
      <Filter>Header Files</Filter>
    </CustomBuildStep>
    <CustomBuildStep Include="mfcmapi.exe.manifest" />
    <CustomBuildStep Include="mrmapi.exe.manifest" />
  </ItemGroup>
</Project>