<?xml version="1.0" encoding="utf-8"?>
<Project ToolsVersion="4.0" xmlns="http://schemas.microsoft.com/developer/msbuild/2003">
  <ItemGroup>
    <Filter Include="Header Files">
      <UniqueIdentifier>{76cedd9f-be1c-4ef5-8e5b-a6cfbb5899f7}</UniqueIdentifier>
      <Extensions>h;hpp;hxx;hm;inl</Extensions>
    </Filter>
    <Filter Include="Resource Files">
      <UniqueIdentifier>{ece43b54-2110-499b-b923-d279574801e0}</UniqueIdentifier>
      <Extensions>ico;cur;bmp;dlg;rc2;rct;bin;rgs;gif;jpg;jpeg;jpe</Extensions>
    </Filter>
    <Filter Include="Source Files">
      <UniqueIdentifier>{2b3c935c-0f37-418a-9fb7-5fea0dff0c7e}</UniqueIdentifier>
      <Extensions>cpp;c;cxx;rc;def;r;odl;idl;hpj;bat</Extensions>
    </Filter>
  </ItemGroup>
  <ItemGroup>
    <ClInclude Include="AdviseSink.h">
      <Filter>Header Files</Filter>
    </ClInclude>
    <ClInclude Include="ColumnTags.h">
      <Filter>Header Files</Filter>
    </ClInclude>
    <ClInclude Include="DumpStore.h">
      <Filter>Header Files</Filter>
    </ClInclude>
    <ClInclude Include="Enums.h">
      <Filter>Header Files</Filter>
    </ClInclude>
    <ClInclude Include="Error.h">
      <Filter>Header Files</Filter>
    </ClInclude>
    <ClInclude Include="ErrorArray.h">
      <Filter>Header Files</Filter>
    </ClInclude>
    <ClInclude Include="ExtraPropTags.h">
      <Filter>Header Files</Filter>
    </ClInclude>
    <ClInclude Include="FakeSplitter.h">
      <Filter>Header Files</Filter>
    </ClInclude>
    <ClInclude Include="File.h">
      <Filter>Header Files</Filter>
    </ClInclude>
    <ClInclude Include="Flags.h">
      <Filter>Header Files</Filter>
    </ClInclude>
    <ClInclude Include="GenTagArray.h">
      <Filter>Header Files</Filter>
    </ClInclude>
    <ClInclude Include="GUIDArray.h">
      <Filter>Header Files</Filter>
    </ClInclude>
    <ClInclude Include="Guids.h">
      <Filter>Header Files</Filter>
    </ClInclude>
    <ClInclude Include="ImportProcs.h">
      <Filter>Header Files</Filter>
    </ClInclude>
    <ClInclude Include="InterpretProp.h">
      <Filter>Header Files</Filter>
    </ClInclude>
    <ClInclude Include="InterpretProp2.h">
      <Filter>Header Files</Filter>
    </ClInclude>
    <ClInclude Include="MAPIABFunctions.h">
      <Filter>Header Files</Filter>
    </ClInclude>
    <ClInclude Include="MAPIFormFunctions.h">
      <Filter>Header Files</Filter>
    </ClInclude>
    <ClInclude Include="MAPIFunctions.h">
      <Filter>Header Files</Filter>
    </ClInclude>
    <ClInclude Include="MapiMime.h">
      <Filter>Header Files</Filter>
    </ClInclude>
    <ClInclude Include="MapiObjects.h">
      <Filter>Header Files</Filter>
    </ClInclude>
    <ClInclude Include="MapiProcessor.h">
      <Filter>Header Files</Filter>
    </ClInclude>
    <ClInclude Include="MAPIProfileFunctions.h">
      <Filter>Header Files</Filter>
    </ClInclude>
    <ClInclude Include="MAPIProgress.h">
      <Filter>Header Files</Filter>
    </ClInclude>
    <ClInclude Include="MAPIStoreFunctions.h">
      <Filter>Header Files</Filter>
    </ClInclude>
    <ClInclude Include="MFCMAPI.h">
      <Filter>Header Files</Filter>
    </ClInclude>
    <ClInclude Include="MFCOutput.h">
      <Filter>Header Files</Filter>
    </ClInclude>
    <ClInclude Include="MFCUtilityFunctions.h">
      <Filter>Header Files</Filter>
    </ClInclude>
    <ClInclude Include="MyMAPIFormViewer.h">
      <Filter>Header Files</Filter>
    </ClInclude>
    <ClInclude Include="MySecInfo.h">
      <Filter>Header Files</Filter>
    </ClInclude>
    <ClInclude Include="MyWinApp.h">
      <Filter>Header Files</Filter>
    </ClInclude>
    <ClInclude Include="NamedPropCache.h">
      <Filter>Header Files</Filter>
    </ClInclude>
    <ClInclude Include="nameidarray.h">
      <Filter>Header Files</Filter>
    </ClInclude>
    <ClInclude Include="ParentWnd.h">
      <Filter>Header Files</Filter>
    </ClInclude>
    <ClInclude Include="PropTypeArray.h">
      <Filter>Header Files</Filter>
    </ClInclude>
    <ClInclude Include="Registry.h">
      <Filter>Header Files</Filter>
    </ClInclude>
    <ClInclude Include="Resource.h">
      <Filter>Header Files</Filter>
    </ClInclude>
    <ClInclude Include="StdAfx.h">
      <Filter>Header Files</Filter>
    </ClInclude>
    <ClInclude Include="UIFunctions.h">
      <Filter>Header Files</Filter>
    </ClInclude>
    <ClInclude Include="QuickStart.h">
      <Filter>Header Files</Filter>
    </ClInclude>
    <ClInclude Include="PropertyBag\PropertyBag.h">
      <Filter>Header Files</Filter>
    </ClInclude>
    <ClInclude Include="PropertyBag\MAPIPropPropertyBag.h">
      <Filter>Header Files</Filter>
    </ClInclude>
    <ClInclude Include="PropertyBag\RowPropertyBag.h">
      <Filter>Header Files</Filter>
    </ClInclude>
    <ClInclude Include="ViewPane\CheckPane.h">
      <Filter>Header Files</Filter>
    </ClInclude>
    <ClInclude Include="ViewPane\DropDownPane.h">
      <Filter>Header Files</Filter>
    </ClInclude>
    <ClInclude Include="ViewPane\ListPane.h">
      <Filter>Header Files</Filter>
    </ClInclude>
    <ClInclude Include="ViewPane\TextPane.h">
      <Filter>Header Files</Filter>
    </ClInclude>
    <ClInclude Include="ViewPane\ViewPane.h">
      <Filter>Header Files</Filter>
    </ClInclude>
    <ClInclude Include="ViewPane\CollapsibleTextPane.h">
      <Filter>Header Files</Filter>
    </ClInclude>
    <ClInclude Include="ViewPane\CountedTextPane.h">
      <Filter>Header Files</Filter>
    </ClInclude>
    <ClInclude Include="ViewPane\SmartViewPane.h">
      <Filter>Header Files</Filter>
    </ClInclude>
    <ClInclude Include="RichEditOleCallback.h">
      <Filter>Header Files</Filter>
    </ClInclude>
    <ClInclude Include="ExportProfile.h">
      <Filter>Header Files</Filter>
    </ClInclude>
    <ClInclude Include="String.h">
      <Filter>Header Files</Filter>
    </ClInclude>
    <ClInclude Include="SmartView\SmartView.h">
      <Filter>Header Files</Filter>
    </ClInclude>
    <ClInclude Include="SmartView\SmartViewParsers.h">
      <Filter>Header Files</Filter>
    </ClInclude>
    <ClInclude Include="SmartView\PCL.h">
      <Filter>Header Files</Filter>
    </ClInclude>
    <ClInclude Include="SmartView\SmartViewParser.h">
      <Filter>Header Files</Filter>
    </ClInclude>
    <ClInclude Include="SmartView\BinaryParser.h">
      <Filter>Header Files</Filter>
    </ClInclude>
    <ClInclude Include="SmartView\TombStone.h">
      <Filter>Header Files</Filter>
    </ClInclude>
    <ClInclude Include="SmartView\VerbStream.h">
      <Filter>Header Files</Filter>
    </ClInclude>
    <ClInclude Include="SmartView\NickNameCache.h">
      <Filter>Header Files</Filter>
    </ClInclude>
    <ClInclude Include="SmartView\FolderUserFieldStream.h">
      <Filter>Header Files</Filter>
    </ClInclude>
    <ClInclude Include="SmartView\RecipientRowStream.h">
      <Filter>Header Files</Filter>
    </ClInclude>
    <ClInclude Include="SmartView\WebViewPersistStream.h">
      <Filter>Header Files</Filter>
    </ClInclude>
    <ClInclude Include="SmartView\FlatEntryList.h">
      <Filter>Header Files</Filter>
    </ClInclude>
    <ClInclude Include="SmartView\AdditionalRenEntryIDs.h">
      <Filter>Header Files</Filter>
    </ClInclude>
    <ClInclude Include="SmartView\PropertyDefinitionStream.h">
      <Filter>Header Files</Filter>
    </ClInclude>
    <ClInclude Include="SmartView\SearchFolderDefinition.h">
      <Filter>Header Files</Filter>
    </ClInclude>
    <ClInclude Include="SmartView\EntryList.h">
      <Filter>Header Files</Filter>
    </ClInclude>
    <ClInclude Include="SmartView\RuleCondition.h">
      <Filter>Header Files</Filter>
    </ClInclude>
    <ClInclude Include="SmartView\RestrictionStruct.h">
      <Filter>Header Files</Filter>
    </ClInclude>
    <ClInclude Include="SmartView\PropertyStruct.h">
      <Filter>Header Files</Filter>
    </ClInclude>
    <ClInclude Include="SmartView\EntryIdStruct.h">
      <Filter>Header Files</Filter>
    </ClInclude>
    <ClInclude Include="SmartView\GlobalObjectId.h">
      <Filter>Header Files</Filter>
    </ClInclude>
    <ClInclude Include="SmartView\TaskAssigners.h">
      <Filter>Header Files</Filter>
    </ClInclude>
    <ClInclude Include="SmartView\ConversationIndex.h">
      <Filter>Header Files</Filter>
    </ClInclude>
    <ClInclude Include="SmartView\ReportTag.h">
      <Filter>Header Files</Filter>
    </ClInclude>
    <ClInclude Include="SmartView\TimeZoneDefinition.h">
      <Filter>Header Files</Filter>
    </ClInclude>
    <ClInclude Include="SmartView\TimeZone.h">
      <Filter>Header Files</Filter>
    </ClInclude>
    <ClInclude Include="SmartView\ExtendedFlags.h">
      <Filter>Header Files</Filter>
    </ClInclude>
    <ClInclude Include="SmartView\AppointmentRecurrencePattern.h">
      <Filter>Header Files</Filter>
    </ClInclude>
    <ClInclude Include="SmartView\RecurrencePattern.h">
      <Filter>Header Files</Filter>
    </ClInclude>
    <ClInclude Include="SmartView\SIDBin.h">
      <Filter>Header Files</Filter>
    </ClInclude>
    <ClInclude Include="SmartView\SDBin.h">
      <Filter>Header Files</Filter>
    </ClInclude>
    <ClInclude Include="MrMapi\MMStore.h">
      <Filter>Header Files</Filter>
    </ClInclude>
    <ClInclude Include="MrMapi\MMAcls.h">
      <Filter>Header Files</Filter>
    </ClInclude>
    <ClInclude Include="MrMapi\MMContents.h">
      <Filter>Header Files</Filter>
    </ClInclude>
    <ClInclude Include="MrMapi\MMErr.h">
      <Filter>Header Files</Filter>
    </ClInclude>
    <ClInclude Include="MrMapi\MMFidMid.h">
      <Filter>Header Files</Filter>
    </ClInclude>
    <ClInclude Include="MrMapi\MMFolder.h">
      <Filter>Header Files</Filter>
    </ClInclude>
    <ClInclude Include="MrMapi\MMMapiMime.h">
      <Filter>Header Files</Filter>
    </ClInclude>
    <ClInclude Include="MrMapi\MMProfile.h">
      <Filter>Header Files</Filter>
    </ClInclude>
    <ClInclude Include="MrMapi\MMPropTag.h">
      <Filter>Header Files</Filter>
    </ClInclude>
    <ClInclude Include="MrMapi\MMPst.h">
      <Filter>Header Files</Filter>
    </ClInclude>
    <ClInclude Include="MrMapi\MMReceiveFolder.h">
      <Filter>Header Files</Filter>
    </ClInclude>
    <ClInclude Include="MrMapi\MMRules.h">
      <Filter>Header Files</Filter>
    </ClInclude>
    <ClInclude Include="MrMapi\MMSmartView.h">
      <Filter>Header Files</Filter>
    </ClInclude>
    <ClInclude Include="MrMapi\MrMAPI.h">
      <Filter>Header Files</Filter>
    </ClInclude>
    <ClInclude Include="SmartView\XID.h">
      <Filter>Header Files</Filter>
    </ClInclude>
    <ClInclude Include="SortList\SortListCtrl.h">
      <Filter>Header Files</Filter>
    </ClInclude>
    <ClInclude Include="SortList\SortListData.h">
      <Filter>Header Files</Filter>
    </ClInclude>
    <ClInclude Include="SortList\SortHeader.h">
      <Filter>Header Files</Filter>
    </ClInclude>
    <ClInclude Include="SortList\ContentsData.h">
      <Filter>Header Files</Filter>
    </ClInclude>
    <ClInclude Include="SortList\NodeData.h">
      <Filter>Header Files</Filter>
    </ClInclude>
    <ClInclude Include="SortList\PropListData.h">
      <Filter>Header Files</Filter>
    </ClInclude>
    <ClInclude Include="SortList\MVPropData.h">
      <Filter>Header Files</Filter>
    </ClInclude>
    <ClInclude Include="SortList\ResData.h">
      <Filter>Header Files</Filter>
    </ClInclude>
    <ClInclude Include="SortList\CommentData.h">
      <Filter>Header Files</Filter>
    </ClInclude>
    <ClInclude Include="SortList\BinaryData.h">
      <Filter>Header Files</Filter>
    </ClInclude>
    <ClInclude Include="GlobalCache.h">
      <Filter>Header Files</Filter>
    </ClInclude>
    <ClInclude Include="DoubleBuffer.h">
      <Filter>Header Files</Filter>
    </ClInclude>
    <ClInclude Include="Property\Attributes.h">
      <Filter>Header Files</Filter>
    </ClInclude>
    <ClInclude Include="Property\ParseProperty.h">
      <Filter>Header Files</Filter>
    </ClInclude>
    <ClInclude Include="Property\Property.h">
      <Filter>Header Files</Filter>
    </ClInclude>
    <ClInclude Include="Dialogs\SingleMessageDialog.h">
      <Filter>Header Files</Filter>
    </ClInclude>
    <ClInclude Include="Dialogs\SingleRecipientDialog.h">
      <Filter>Header Files</Filter>
    </ClInclude>
    <ClInclude Include="Dialogs\BaseDialog.h">
      <Filter>Header Files</Filter>
    </ClInclude>
    <ClInclude Include="Dialogs\AboutDlg.h">
      <Filter>Header Files</Filter>
    </ClInclude>
    <ClInclude Include="Dialogs\Dialog.h">
      <Filter>Header Files</Filter>
    </ClInclude>
    <ClInclude Include="Dialogs\HierarchyTable\ABContDlg.h">
      <Filter>Header Files</Filter>
    </ClInclude>
    <ClInclude Include="Dialogs\HierarchyTable\MsgStoreDlg.h">
      <Filter>Header Files</Filter>
    </ClInclude>
    <ClInclude Include="Dialogs\HierarchyTable\HierarchyTableDlg.h">
      <Filter>Header Files</Filter>
    </ClInclude>
    <ClInclude Include="HierarchyTableTreeCtrl.h">
      <Filter>Header Files</Filter>
    </ClInclude>
    <ClInclude Include="ContentsTableListCtrl.h">
      <Filter>Header Files</Filter>
    </ClInclude>
    <ClInclude Include="SingleMAPIPropListCtrl.h">
      <Filter>Header Files</Filter>
    </ClInclude>
    <ClInclude Include="Dialogs\ContentsTable\ABDlg.h">
      <Filter>Header Files</Filter>
    </ClInclude>
    <ClInclude Include="Dialogs\ContentsTable\AclDlg.h">
      <Filter>Header Files</Filter>
    </ClInclude>
    <ClInclude Include="Dialogs\ContentsTable\AttachmentsDlg.h">
      <Filter>Header Files</Filter>
    </ClInclude>
    <ClInclude Include="Dialogs\ContentsTable\ContentsTableDlg.h">
      <Filter>Header Files</Filter>
    </ClInclude>
    <ClInclude Include="FileDialogEx.h">
      <Filter>Header Files</Filter>
    </ClInclude>
    <ClInclude Include="Dialogs\ContentsTable\FolderDlg.h">
      <Filter>Header Files</Filter>
    </ClInclude>
    <ClInclude Include="Dialogs\ContentsTable\FormContainerDlg.h">
      <Filter>Header Files</Filter>
    </ClInclude>
    <ClInclude Include="Dialogs\ContentsTable\MailboxTableDlg.h">
      <Filter>Header Files</Filter>
    </ClInclude>
    <ClInclude Include="Dialogs\ContentsTable\MainDlg.h">
      <Filter>Header Files</Filter>
    </ClInclude>
    <ClInclude Include="Dialogs\ContentsTable\MsgServiceTableDlg.h">
      <Filter>Header Files</Filter>
    </ClInclude>
    <ClInclude Include="Dialogs\ContentsTable\ProfileListDlg.h">
      <Filter>Header Files</Filter>
    </ClInclude>
    <ClInclude Include="Dialogs\ContentsTable\RulesDlg.h">
      <Filter>Header Files</Filter>
    </ClInclude>
    <ClInclude Include="Dialogs\ContentsTable\ProviderTableDlg.h">
      <Filter>Header Files</Filter>
    </ClInclude>
    <ClInclude Include="Dialogs\ContentsTable\PublicFolderTableDlg.h">
      <Filter>Header Files</Filter>
    </ClInclude>
    <ClInclude Include="Dialogs\ContentsTable\RecipientsDlg.h">
      <Filter>Header Files</Filter>
    </ClInclude>
    <ClInclude Include="Dialogs\Editors\DbgView.h">
      <Filter>Header Files</Filter>
    </ClInclude>
    <ClInclude Include="Dialogs\Editors\Editor.h">
      <Filter>Header Files</Filter>
    </ClInclude>
    <ClInclude Include="Dialogs\Editors\HexEditor.h">
      <Filter>Header Files</Filter>
    </ClInclude>
    <ClInclude Include="Dialogs\Editors\Options.h">
      <Filter>Header Files</Filter>
    </ClInclude>
    <ClInclude Include="Dialogs\Editors\PropertyEditor.h">
      <Filter>Header Files</Filter>
    </ClInclude>
    <ClInclude Include="Dialogs\Editors\PropertyTagEditor.h">
      <Filter>Header Files</Filter>
    </ClInclude>
    <ClInclude Include="Dialogs\Editors\QSSpecialFolders.h">
      <Filter>Header Files</Filter>
    </ClInclude>
    <ClInclude Include="Dialogs\Editors\RestrictEditor.h">
      <Filter>Header Files</Filter>
    </ClInclude>
    <ClInclude Include="Dialogs\Editors\StreamEditor.h">
      <Filter>Header Files</Filter>
    </ClInclude>
    <ClInclude Include="Dialogs\Editors\TagArrayEditor.h">
      <Filter>Header Files</Filter>
    </ClInclude>
    <ClInclude Include="Dialogs\Editors\MultiValuePropertyEditor.h">
      <Filter>Header Files</Filter>
    </ClInclude>
    <ClInclude Include="Dialogs\Editors\PropertySelector.h">
      <Filter>Header Files</Filter>
    </ClInclude>
  </ItemGroup>
  <ItemGroup>
    <ResourceCompile Include="Res\bldver.rc">
      <Filter>Resource Files</Filter>
    </ResourceCompile>
    <ResourceCompile Include="MFCMapi.rc">
      <Filter>Source Files</Filter>
    </ResourceCompile>
  </ItemGroup>
  <ItemGroup>
    <None Include="MFCMapi.ico">
      <Filter>Resource Files</Filter>
    </None>
    <None Include="res\MFCMapi.rc2">
      <Filter>Resource Files</Filter>
    </None>
    <None Include="Issues.txt" />
    <None Include="Res\icons.bmp">
      <Filter>Resource Files</Filter>
    </None>
    <None Include="res\splitv.cur">
      <Filter>Resource Files</Filter>
    </None>
    <None Include="res\splith.cur">
      <Filter>Resource Files</Filter>
    </None>
    <None Include="Res\advise.bmp">
      <Filter>Resource Files</Filter>
    </None>
    <None Include="Res\MFCMAPI64x64_logo.bmp">
      <Filter>Resource Files</Filter>
    </None>
  </ItemGroup>
  <ItemGroup>
    <ClCompile Include="AddIns.cpp">
      <Filter>Source Files</Filter>
    </ClCompile>
    <ClCompile Include="AdviseSink.cpp">
      <Filter>Source Files</Filter>
    </ClCompile>
    <ClCompile Include="DumpStore.cpp">
      <Filter>Source Files</Filter>
    </ClCompile>
    <ClCompile Include="Error.cpp">
      <Filter>Source Files</Filter>
    </ClCompile>
    <ClCompile Include="FakeSplitter.cpp">
      <Filter>Source Files</Filter>
    </ClCompile>
    <ClCompile Include="File.cpp">
      <Filter>Source Files</Filter>
    </ClCompile>
    <ClCompile Include="Guids.cpp">
      <Filter>Source Files</Filter>
    </ClCompile>
    <ClCompile Include="ImportProcs.cpp">
      <Filter>Source Files</Filter>
    </ClCompile>
    <ClCompile Include="InterpretProp.cpp">
      <Filter>Source Files</Filter>
    </ClCompile>
    <ClCompile Include="InterpretProp2.cpp">
      <Filter>Source Files</Filter>
    </ClCompile>
    <ClCompile Include="MAPIABFunctions.cpp">
      <Filter>Source Files</Filter>
    </ClCompile>
    <ClCompile Include="MAPIFormFunctions.cpp">
      <Filter>Source Files</Filter>
    </ClCompile>
    <ClCompile Include="MAPIFunctions.cpp">
      <Filter>Source Files</Filter>
    </ClCompile>
    <ClCompile Include="MapiMime.cpp">
      <Filter>Source Files</Filter>
    </ClCompile>
    <ClCompile Include="MapiObjects.cpp">
      <Filter>Source Files</Filter>
    </ClCompile>
    <ClCompile Include="MapiProcessor.cpp">
      <Filter>Source Files</Filter>
    </ClCompile>
    <ClCompile Include="MAPIProfileFunctions.cpp">
      <Filter>Source Files</Filter>
    </ClCompile>
    <ClCompile Include="MAPIProgress.cpp">
      <Filter>Source Files</Filter>
    </ClCompile>
    <ClCompile Include="MapiStubLibrary.cpp">
      <Filter>Source Files</Filter>
    </ClCompile>
    <ClCompile Include="MAPIStoreFunctions.cpp">
      <Filter>Source Files</Filter>
    </ClCompile>
    <ClCompile Include="MFCOutput.cpp">
      <Filter>Source Files</Filter>
    </ClCompile>
    <ClCompile Include="MFCUtilityFunctions.cpp">
      <Filter>Source Files</Filter>
    </ClCompile>
    <ClCompile Include="MyMAPIFormViewer.cpp">
      <Filter>Source Files</Filter>
    </ClCompile>
    <ClCompile Include="MySecInfo.cpp">
      <Filter>Source Files</Filter>
    </ClCompile>
    <ClCompile Include="MyWinApp.cpp">
      <Filter>Source Files</Filter>
    </ClCompile>
    <ClCompile Include="NamedPropCache.cpp">
      <Filter>Source Files</Filter>
    </ClCompile>
    <ClCompile Include="ParentWnd.cpp">
      <Filter>Source Files</Filter>
    </ClCompile>
    <ClCompile Include="Registry.cpp">
      <Filter>Source Files</Filter>
    </ClCompile>
    <ClCompile Include="StubUtils.cpp">
      <Filter>Source Files</Filter>
    </ClCompile>
    <ClCompile Include="UIFunctions.cpp">
      <Filter>Source Files</Filter>
    </ClCompile>
    <ClCompile Include="QuickStart.cpp">
      <Filter>Source Files</Filter>
    </ClCompile>
    <ClCompile Include="PropertyBag\MAPIPropPropertyBag.cpp">
      <Filter>Source Files</Filter>
    </ClCompile>
    <ClCompile Include="PropertyBag\RowPropertyBag.cpp">
      <Filter>Source Files</Filter>
    </ClCompile>
    <ClCompile Include="ViewPane\CheckPane.cpp">
      <Filter>Source Files</Filter>
    </ClCompile>
    <ClCompile Include="ViewPane\DropDownPane.cpp">
      <Filter>Source Files</Filter>
    </ClCompile>
    <ClCompile Include="ViewPane\ListPane.cpp">
      <Filter>Source Files</Filter>
    </ClCompile>
    <ClCompile Include="ViewPane\TextPane.cpp">
      <Filter>Source Files</Filter>
    </ClCompile>
    <ClCompile Include="ViewPane\ViewPane.cpp">
      <Filter>Source Files</Filter>
    </ClCompile>
    <ClCompile Include="ViewPane\CollapsibleTextPane.cpp">
      <Filter>Source Files</Filter>
    </ClCompile>
    <ClCompile Include="ViewPane\CountedTextPane.cpp">
      <Filter>Source Files</Filter>
    </ClCompile>
    <ClCompile Include="ViewPane\SmartViewPane.cpp">
      <Filter>Source Files</Filter>
    </ClCompile>
    <ClCompile Include="RichEditOleCallback.cpp">
      <Filter>Source Files</Filter>
    </ClCompile>
    <ClCompile Include="ExportProfile.cpp">
      <Filter>Source Files</Filter>
    </ClCompile>
    <ClCompile Include="String.cpp">
      <Filter>Source Files</Filter>
    </ClCompile>
    <ClCompile Include="SmartView\SmartView.cpp">
      <Filter>Source Files</Filter>
    </ClCompile>
    <ClCompile Include="SmartView\SmartViewParser.cpp">
      <Filter>Source Files</Filter>
    </ClCompile>
    <ClCompile Include="SmartView\PCL.cpp">
      <Filter>Source Files</Filter>
    </ClCompile>
    <ClCompile Include="SmartView\BinaryParser.cpp">
      <Filter>Source Files</Filter>
    </ClCompile>
    <ClCompile Include="SmartView\TombStone.cpp">
      <Filter>Source Files</Filter>
    </ClCompile>
    <ClCompile Include="SmartView\VerbStream.cpp">
      <Filter>Source Files</Filter>
    </ClCompile>
    <ClCompile Include="SmartView\NickNameCache.cpp">
      <Filter>Source Files</Filter>
    </ClCompile>
    <ClCompile Include="SmartView\FolderUserFieldStream.cpp">
      <Filter>Source Files</Filter>
    </ClCompile>
    <ClCompile Include="SmartView\RecipientRowStream.cpp">
      <Filter>Source Files</Filter>
    </ClCompile>
    <ClCompile Include="SmartView\WebViewPersistStream.cpp">
      <Filter>Source Files</Filter>
    </ClCompile>
    <ClCompile Include="SmartView\FlatEntryList.cpp">
      <Filter>Source Files</Filter>
    </ClCompile>
    <ClCompile Include="SmartView\AdditionalRenEntryIDs.cpp">
      <Filter>Source Files</Filter>
    </ClCompile>
    <ClCompile Include="SmartView\PropertyDefinitionStream.cpp">
      <Filter>Source Files</Filter>
    </ClCompile>
    <ClCompile Include="SmartView\SearchFolderDefinition.cpp">
      <Filter>Source Files</Filter>
    </ClCompile>
    <ClCompile Include="SmartView\EntryList.cpp">
      <Filter>Source Files</Filter>
    </ClCompile>
    <ClCompile Include="SmartView\RuleCondition.cpp">
      <Filter>Source Files</Filter>
    </ClCompile>
    <ClCompile Include="SmartView\RestrictionStruct.cpp">
      <Filter>Source Files</Filter>
    </ClCompile>
    <ClCompile Include="SmartView\PropertyStruct.cpp">
      <Filter>Source Files</Filter>
    </ClCompile>
    <ClCompile Include="SmartView\EntryIdStruct.cpp">
      <Filter>Source Files</Filter>
    </ClCompile>
    <ClCompile Include="SmartView\GlobalObjectId.cpp">
      <Filter>Source Files</Filter>
    </ClCompile>
    <ClCompile Include="SmartView\TaskAssigners.cpp">
      <Filter>Source Files</Filter>
    </ClCompile>
    <ClCompile Include="SmartView\ConversationIndex.cpp">
      <Filter>Source Files</Filter>
    </ClCompile>
    <ClCompile Include="SmartView\ReportTag.cpp">
      <Filter>Source Files</Filter>
    </ClCompile>
    <ClCompile Include="SmartView\TimeZoneDefinition.cpp">
      <Filter>Source Files</Filter>
    </ClCompile>
    <ClCompile Include="SmartView\TimeZone.cpp">
      <Filter>Source Files</Filter>
    </ClCompile>
    <ClCompile Include="SmartView\ExtendedFlags.cpp">
      <Filter>Source Files</Filter>
    </ClCompile>
    <ClCompile Include="SmartView\AppointmentRecurrencePattern.cpp">
      <Filter>Source Files</Filter>
    </ClCompile>
    <ClCompile Include="SmartView\RecurrencePattern.cpp">
      <Filter>Source Files</Filter>
    </ClCompile>
    <ClCompile Include="SmartView\SIDBin.cpp">
      <Filter>Source Files</Filter>
    </ClCompile>
    <ClCompile Include="SmartView\SDBin.cpp">
      <Filter>Source Files</Filter>
    </ClCompile>
    <ClCompile Include="MrMapi\MMAcls.cpp">
      <Filter>Source Files</Filter>
    </ClCompile>
    <ClCompile Include="MrMapi\MMContents.cpp">
      <Filter>Source Files</Filter>
    </ClCompile>
    <ClCompile Include="MrMapi\MMErr.cpp">
      <Filter>Source Files</Filter>
    </ClCompile>
    <ClCompile Include="MrMapi\MMFidMid.cpp">
      <Filter>Source Files</Filter>
    </ClCompile>
    <ClCompile Include="MrMapi\MMFolder.cpp">
      <Filter>Source Files</Filter>
    </ClCompile>
    <ClCompile Include="MrMapi\MMMapiMime.cpp">
      <Filter>Source Files</Filter>
    </ClCompile>
    <ClCompile Include="MrMapi\MMProfile.cpp">
      <Filter>Source Files</Filter>
    </ClCompile>
    <ClCompile Include="MrMapi\MMPropTag.cpp">
      <Filter>Source Files</Filter>
    </ClCompile>
    <ClCompile Include="MrMapi\MMPst.cpp">
      <Filter>Source Files</Filter>
    </ClCompile>
    <ClCompile Include="MrMapi\MMReceiveFolder.cpp">
      <Filter>Source Files</Filter>
    </ClCompile>
    <ClCompile Include="MrMapi\MMRules.cpp">
      <Filter>Source Files</Filter>
    </ClCompile>
    <ClCompile Include="MrMapi\MMSmartView.cpp">
      <Filter>Source Files</Filter>
    </ClCompile>
    <ClCompile Include="MrMapi\MMStore.cpp">
      <Filter>Source Files</Filter>
    </ClCompile>
    <ClCompile Include="MrMAPI.cpp">
      <Filter>Source Files</Filter>
    </ClCompile>
    <ClCompile Include="SmartView\XID.cpp">
      <Filter>Source Files</Filter>
    </ClCompile>
    <ClCompile Include="SortList\SortListCtrl.cpp">
      <Filter>Source Files</Filter>
    </ClCompile>
    <ClCompile Include="SortList\SortListData.cpp">
      <Filter>Source Files</Filter>
    </ClCompile>
    <ClCompile Include="SortList\SortHeader.cpp">
      <Filter>Source Files</Filter>
    </ClCompile>
    <ClCompile Include="SortList\ContentsData.cpp">
      <Filter>Source Files</Filter>
    </ClCompile>
    <ClCompile Include="SortList\NodeData.cpp">
      <Filter>Source Files</Filter>
    </ClCompile>
    <ClCompile Include="SortList\PropListData.cpp">
      <Filter>Source Files</Filter>
    </ClCompile>
    <ClCompile Include="SortList\MVPropData.cpp">
      <Filter>Source Files</Filter>
    </ClCompile>
    <ClCompile Include="SortList\ResData.cpp">
      <Filter>Source Files</Filter>
    </ClCompile>
    <ClCompile Include="SortList\CommentData.cpp">
      <Filter>Source Files</Filter>
    </ClCompile>
    <ClCompile Include="SortList\BinaryData.cpp">
      <Filter>Source Files</Filter>
    </ClCompile>
    <ClCompile Include="GlobalCache.cpp">
      <Filter>Source Files</Filter>
    </ClCompile>
    <ClCompile Include="DoubleBuffer.cpp">
      <Filter>Source Files</Filter>
    </ClCompile>
    <ClCompile Include="Property\Attributes.cpp">
      <Filter>Source Files</Filter>
    </ClCompile>
    <ClCompile Include="Property\ParseProperty.cpp">
      <Filter>Source Files</Filter>
    </ClCompile>
    <ClCompile Include="Property\Property.cpp">
      <Filter>Source Files</Filter>
    </ClCompile>
    <ClCompile Include="Dialogs\SingleMessageDialog.cpp">
      <Filter>Source Files</Filter>
    </ClCompile>
    <ClCompile Include="Dialogs\SingleRecipientDialog.cpp">
      <Filter>Source Files</Filter>
    </ClCompile>
    <ClCompile Include="Dialogs\BaseDialog.cpp">
      <Filter>Source Files</Filter>
    </ClCompile>
    <ClCompile Include="Dialogs\AboutDlg.cpp">
      <Filter>Source Files</Filter>
    </ClCompile>
    <ClCompile Include="Dialogs\Dialog.cpp">
      <Filter>Source Files</Filter>
    </ClCompile>
    <ClCompile Include="Dialogs\HierarchyTable\ABContDlg.cpp">
      <Filter>Source Files</Filter>
    </ClCompile>
    <ClCompile Include="Dialogs\HierarchyTable\MsgStoreDlg.cpp">
      <Filter>Source Files</Filter>
    </ClCompile>
    <ClCompile Include="Dialogs\HierarchyTable\HierarchyTableDlg.cpp">
      <Filter>Source Files</Filter>
    </ClCompile>
    <ClCompile Include="HierarchyTableTreeCtrl.cpp">
      <Filter>Source Files</Filter>
    </ClCompile>
    <ClCompile Include="ContentsTableListCtrl.cpp">
      <Filter>Source Files</Filter>
    </ClCompile>
    <ClCompile Include="SingleMAPIPropListCtrl.cpp">
      <Filter>Source Files</Filter>
    </ClCompile>
    <ClCompile Include="Dialogs\ContentsTable\AbDlg.cpp">
      <Filter>Source Files</Filter>
    </ClCompile>
    <ClCompile Include="Dialogs\ContentsTable\AclDlg.cpp">
      <Filter>Source Files</Filter>
    </ClCompile>
    <ClCompile Include="Dialogs\ContentsTable\AttachmentsDlg.cpp">
      <Filter>Source Files</Filter>
    </ClCompile>
    <ClCompile Include="Dialogs\ContentsTable\ContentsTableDlg.cpp">
      <Filter>Source Files</Filter>
    </ClCompile>
    <ClCompile Include="FileDialogEx.cpp">
      <Filter>Source Files</Filter>
    </ClCompile>
    <ClCompile Include="Dialogs\ContentsTable\FolderDlg.cpp">
      <Filter>Source Files</Filter>
    </ClCompile>
    <ClCompile Include="Dialogs\ContentsTable\FormContainerDlg.cpp">
      <Filter>Source Files</Filter>
    </ClCompile>
    <ClCompile Include="Dialogs\ContentsTable\MailboxTableDlg.cpp">
      <Filter>Source Files</Filter>
    </ClCompile>
    <ClCompile Include="Dialogs\ContentsTable\MainDlg.cpp">
      <Filter>Source Files</Filter>
    </ClCompile>
    <ClCompile Include="Dialogs\ContentsTable\MsgServiceTableDlg.cpp">
      <Filter>Source Files</Filter>
    </ClCompile>
    <ClCompile Include="Dialogs\ContentsTable\ProfileListDlg.cpp">
      <Filter>Source Files</Filter>
    </ClCompile>
    <ClCompile Include="Dialogs\ContentsTable\ProviderTableDlg.cpp">
      <Filter>Source Files</Filter>
    </ClCompile>
    <ClCompile Include="Dialogs\ContentsTable\PublicFolderTableDlg.cpp">
      <Filter>Source Files</Filter>
    </ClCompile>
    <ClCompile Include="Dialogs\ContentsTable\RecipientsDlg.cpp">
      <Filter>Source Files</Filter>
    </ClCompile>
    <ClCompile Include="Dialogs\ContentsTable\RulesDlg.cpp">
      <Filter>Source Files</Filter>
    </ClCompile>
    <ClCompile Include="Dialogs\Editors\DbgView.cpp">
      <Filter>Source Files</Filter>
    </ClCompile>
    <ClCompile Include="Dialogs\Editors\Editor.cpp">
      <Filter>Source Files</Filter>
    </ClCompile>
    <ClCompile Include="Dialogs\Editors\HexEditor.cpp">
      <Filter>Source Files</Filter>
    </ClCompile>
    <ClCompile Include="Dialogs\Editors\Options.cpp">
      <Filter>Source Files</Filter>
    </ClCompile>
    <ClCompile Include="Dialogs\Editors\PropertyEditor.cpp">
      <Filter>Source Files</Filter>
    </ClCompile>
    <ClCompile Include="Dialogs\Editors\PropertyTagEditor.cpp">
      <Filter>Source Files</Filter>
    </ClCompile>
    <ClCompile Include="Dialogs\Editors\QSSpecialFolders.cpp">
      <Filter>Source Files</Filter>
    </ClCompile>
    <ClCompile Include="Dialogs\Editors\RestrictEditor.cpp">
      <Filter>Source Files</Filter>
    </ClCompile>
    <ClCompile Include="Dialogs\Editors\StreamEditor.cpp">
      <Filter>Source Files</Filter>
    </ClCompile>
    <ClCompile Include="Dialogs\Editors\TagArrayEditor.cpp">
      <Filter>Source Files</Filter>
    </ClCompile>
    <ClCompile Include="Dialogs\Editors\MultiValuePropertyEditor.cpp">
      <Filter>Source Files</Filter>
    </ClCompile>
    <ClCompile Include="Dialogs\Editors\PropertySelector.cpp">
      <Filter>Source Files</Filter>
    </ClCompile>
  </ItemGroup>
  <ItemGroup>
    <CustomBuildStep Include="mfcmapi.exe.manifest" />
    <CustomBuildStep Include="mrmapi.exe.manifest" />
  </ItemGroup>
</Project>