<?xml version="1.0" encoding="utf-8"?>
<Project ToolsVersion="4.0" xmlns="http://schemas.microsoft.com/developer/msbuild/2003">
  <ItemGroup>
    <Filter Include="Source Files">
      <UniqueIdentifier>{2b3c935c-0f37-418a-9fb7-5fea0dff0c7e}</UniqueIdentifier>
      <Extensions>cpp;c;cc;cxx;def;odl;idl;hpj;bat;asm;asmx</Extensions>
    </Filter>
    <Filter Include="Source Files\PropertyBag">
      <UniqueIdentifier>{2c5ab9e0-50d2-4325-acd6-2e6c967ba7ee}</UniqueIdentifier>
    </Filter>
    <Filter Include="Source Files\UI">
      <UniqueIdentifier>{26979dfe-c4a7-434b-8635-acbd45f82c20}</UniqueIdentifier>
    </Filter>
    <Filter Include="Source Files\UI\Controls">
      <UniqueIdentifier>{fc8aafdb-214c-4e97-881b-13babb46ca4a}</UniqueIdentifier>
    </Filter>
    <Filter Include="Source Files\UI\Dialogs">
      <UniqueIdentifier>{52b8b5f7-3216-46f6-85b1-2b20d5f52256}</UniqueIdentifier>
    </Filter>
    <Filter Include="Source Files\UI\ViewPane">
      <UniqueIdentifier>{c36acb8b-c649-4285-a1d7-acfb70dc8e8e}</UniqueIdentifier>
    </Filter>
    <Filter Include="Source Files\UI\Controls\SortList">
      <UniqueIdentifier>{87561f7e-ea96-42a0-bfa9-3df851f51b1a}</UniqueIdentifier>
    </Filter>
    <Filter Include="Source Files\UI\Dialogs\ContentsTable">
      <UniqueIdentifier>{83d60fd7-4f9a-4547-b705-ab8d6455c01a}</UniqueIdentifier>
    </Filter>
    <Filter Include="Source Files\UI\Dialogs\Editors">
      <UniqueIdentifier>{8be0d27b-3e55-4ca5-a7f3-34bd206e3a83}</UniqueIdentifier>
    </Filter>
    <Filter Include="Source Files\UI\Dialogs\HierarchyTable">
      <UniqueIdentifier>{79d3d5f7-6568-44ea-92cc-8bf5d15e2b83}</UniqueIdentifier>
    </Filter>
  </ItemGroup>
  <ItemGroup>
    <None Include=".clang-format" />
  </ItemGroup>
  <ItemGroup>
    <ClInclude Include="UI\FakeSplitter.h">
      <Filter>Source Files\UI\Controls</Filter>
    </ClInclude>
    <ClInclude Include="UI\Dialogs\MFCUtilityFunctions.h">
      <Filter>Source Files\UI\Dialogs</Filter>
    </ClInclude>
    <ClInclude Include="UI\ViewPane\TreePane.h">
      <Filter>Source Files\UI\ViewPane</Filter>
    </ClInclude>
    <ClInclude Include="UI\ViewPane\SplitterPane.h">
      <Filter>Source Files\UI\ViewPane</Filter>
    </ClInclude>
    <ClInclude Include="UI\mapiui.h">
      <Filter>Source Files\UI</Filter>
    </ClInclude>
    <ClInclude Include="UI\addinui.h">
      <Filter>Source Files\UI</Filter>
    </ClInclude>
    <ClInclude Include="UI\profile.h">
      <Filter>Source Files\UI</Filter>
    </ClInclude>
    <ClInclude Include="UI\enums.h">
      <Filter>Source Files\UI</Filter>
    </ClInclude>
    <ClInclude Include="UI\CMAPIProgress.h">
      <Filter>Source Files\UI</Filter>
    </ClInclude>
    <ClInclude Include="UI\Controls\SortList\ContentsTableListCtrl.h">
      <Filter>Source Files\UI\Controls</Filter>
    </ClInclude>
    <ClInclude Include="UI\Controls\SortList\SingleMAPIPropListCtrl.h">
      <Filter>Source Files\UI\Controls</Filter>
    </ClInclude>
    <ClInclude Include="UI\Controls\StyleTree\HierarchyTableTreeCtrl.h">
      <Filter>Source Files\UI\Controls</Filter>
    </ClInclude>
    <ClInclude Include="UI\Controls\StyleTree\StyleTreeCtrl.h">
      <Filter>Source Files\UI\Controls</Filter>
    </ClInclude>
    <ClInclude Include="UI\ViewPane\getpane.h">
      <Filter>Source Files\UI</Filter>
    </ClInclude>
    <ClInclude Include="UI\OnNotify.h">
      <Filter>Source Files\UI</Filter>
    </ClInclude>
    <ClInclude Include="UI\Controls\SortList\SortHeader.h">
      <Filter>Source Files\UI\Controls\SortList</Filter>
    </ClInclude>
    <ClInclude Include="UI\Controls\SortList\SortListCtrl.h">
      <Filter>Source Files\UI\Controls\SortList</Filter>
    </ClInclude>
  </ItemGroup>
  <ItemGroup>
    <ClInclude Include="StdAfx.h">
      <Filter>Source Files</Filter>
    </ClInclude>
    <ClCompile Include="UI\FakeSplitter.cpp">
      <Filter>Source Files\UI\Controls</Filter>
    </ClCompile>
    <ClCompile Include="UI\Dialogs\MFCUtilityFunctions.cpp">
      <Filter>Source Files\UI\Dialogs</Filter>
    </ClCompile>
    <ClCompile Include="UI\ViewPane\TreePane.cpp">
      <Filter>Source Files\UI\ViewPane</Filter>
    </ClCompile>
    <ClCompile Include="UI\ViewPane\SplitterPane.cpp">
      <Filter>Source Files\UI\ViewPane</Filter>
    </ClCompile>
    <ClCompile Include="UI\mapiui.cpp">
      <Filter>Source Files\UI</Filter>
    </ClCompile>
    <ClCompile Include="UI\addinui.cpp">
      <Filter>Source Files\UI</Filter>
    </ClCompile>
    <ClCompile Include="UI\profile.cpp">
      <Filter>Source Files\UI</Filter>
    </ClCompile>
  </ItemGroup>
  <ItemGroup>
    <ClCompile Include="UI\CMAPIProgress.cpp">
      <Filter>Source Files\UI</Filter>
    </ClCompile>
    <ClCompile Include="UI\Controls\SortList\ContentsTableListCtrl.cpp">
      <Filter>Source Files\UI\Controls</Filter>
    </ClCompile>
    <ClCompile Include="UI\Controls\SortList\SingleMAPIPropListCtrl.cpp">
      <Filter>Source Files\UI\Controls</Filter>
    </ClCompile>
    <ClCompile Include="UI\Controls\StyleTree\HierarchyTableTreeCtrl.cpp">
      <Filter>Source Files\UI\Controls</Filter>
    </ClCompile>
    <ClCompile Include="UI\Controls\StyleTree\StyleTreeCtrl.cpp">
      <Filter>Source Files\UI\Controls</Filter>
    </ClCompile>
    <ClCompile Include="UI\Controls\SortList\SortHeader.cpp">
      <Filter>Source Files\UI\Controls\SortList</Filter>
    </ClCompile>
    <ClCompile Include="UI\Controls\SortList\SortListCtrl.cpp">
      <Filter>Source Files\UI\Controls\SortList</Filter>
    </ClCompile>
    <ClCompile Include="UI\OnNotify.cpp">
      <Filter>Source Files\UI</Filter>
    </ClCompile>
  </ItemGroup>
  <ItemGroup>
    <ClCompile Include="UI\DoubleBuffer.cpp">
      <Filter>Source Files\UI</Filter>
    </ClCompile>
    <ClInclude Include="UI\DoubleBuffer.h">
      <Filter>Source Files\UI</Filter>
    </ClInclude>
    <ClCompile Include="UI\FileDialogEx.cpp">
      <Filter>Source Files\UI</Filter>
    </ClCompile>
    <ClInclude Include="UI\FileDialogEx.h">
      <Filter>Source Files\UI</Filter>
    </ClInclude>
    <ClCompile Include="UI\MAPIFormFunctions.cpp">
      <Filter>Source Files\UI</Filter>
    </ClCompile>
    <ClInclude Include="UI\MAPIFormFunctions.h">
      <Filter>Source Files\UI</Filter>
    </ClInclude>
    <ClCompile Include="UI\MyMAPIFormViewer.cpp">
      <Filter>Source Files\UI</Filter>
    </ClCompile>
    <ClInclude Include="UI\MyMAPIFormViewer.h">
      <Filter>Source Files\UI</Filter>
    </ClInclude>
    <ClCompile Include="UI\MySecInfo.cpp">
      <Filter>Source Files\UI</Filter>
    </ClCompile>
    <ClInclude Include="UI\MySecInfo.h">
      <Filter>Source Files\UI</Filter>
    </ClInclude>
    <ClCompile Include="UI\MyWinApp.cpp">
      <Filter>Source Files\UI</Filter>
    </ClCompile>
    <ClInclude Include="UI\MyWinApp.h">
      <Filter>Source Files\UI</Filter>
    </ClInclude>
    <ClCompile Include="UI\ParentWnd.cpp">
      <Filter>Source Files\UI</Filter>
    </ClCompile>
    <ClInclude Include="UI\ParentWnd.h">
      <Filter>Source Files\UI</Filter>
    </ClInclude>
    <ClCompile Include="UI\QuickStart.cpp">
      <Filter>Source Files\UI</Filter>
    </ClCompile>
    <ClInclude Include="UI\QuickStart.h">
      <Filter>Source Files\UI</Filter>
    </ClInclude>
    <ClCompile Include="UI\RichEditOleCallback.cpp">
      <Filter>Source Files\UI</Filter>
    </ClCompile>
    <ClInclude Include="UI\RichEditOleCallback.h">
      <Filter>Source Files\UI</Filter>
    </ClInclude>
    <ClCompile Include="UI\UIFunctions.cpp">
      <Filter>Source Files\UI</Filter>
    </ClCompile>
    <ClInclude Include="UI\UIFunctions.h">
      <Filter>Source Files\UI</Filter>
    </ClInclude>
  </ItemGroup>
  <ItemGroup>
    <ClCompile Include="UI\Dialogs\AboutDlg.cpp">
      <Filter>Source Files\UI\Dialogs</Filter>
    </ClCompile>
    <ClInclude Include="UI\Dialogs\AboutDlg.h">
      <Filter>Source Files\UI\Dialogs</Filter>
    </ClInclude>
    <ClInclude Include="UI\Dialogs\BaseDialog.h">
      <Filter>Source Files\UI\Dialogs</Filter>
    </ClInclude>
    <ClCompile Include="UI\Dialogs\BaseDialog.cpp">
      <Filter>Source Files\UI\Dialogs</Filter>
    </ClCompile>
    <ClCompile Include="UI\Dialogs\Dialog.cpp">
      <Filter>Source Files\UI\Dialogs</Filter>
    </ClCompile>
    <ClInclude Include="UI\Dialogs\Dialog.h">
      <Filter>Source Files\UI\Dialogs</Filter>
    </ClInclude>
    <ClCompile Include="UI\Dialogs\SingleMessageDialog.cpp">
      <Filter>Source Files\UI\Dialogs</Filter>
    </ClCompile>
    <ClInclude Include="UI\Dialogs\SingleMessageDialog.h">
      <Filter>Source Files\UI\Dialogs</Filter>
    </ClInclude>
    <ClCompile Include="UI\Dialogs\SingleRecipientDialog.cpp">
      <Filter>Source Files\UI\Dialogs</Filter>
    </ClCompile>
    <ClInclude Include="UI\Dialogs\SingleRecipientDialog.h">
      <Filter>Source Files\UI\Dialogs</Filter>
    </ClInclude>
  </ItemGroup>
  <ItemGroup>
    <ClCompile Include="UI\Dialogs\ContentsTable\AbDlg.cpp">
      <Filter>Source Files\UI\Dialogs\ContentsTable</Filter>
    </ClCompile>
    <ClInclude Include="UI\Dialogs\ContentsTable\ABDlg.h">
      <Filter>Source Files\UI\Dialogs\ContentsTable</Filter>
    </ClInclude>
    <ClCompile Include="UI\Dialogs\ContentsTable\AclDlg.cpp">
      <Filter>Source Files\UI\Dialogs\ContentsTable</Filter>
    </ClCompile>
    <ClInclude Include="UI\Dialogs\ContentsTable\AclDlg.h">
      <Filter>Source Files\UI\Dialogs\ContentsTable</Filter>
    </ClInclude>
    <ClCompile Include="UI\Dialogs\ContentsTable\AttachmentsDlg.cpp">
      <Filter>Source Files\UI\Dialogs\ContentsTable</Filter>
    </ClCompile>
    <ClInclude Include="UI\Dialogs\ContentsTable\AttachmentsDlg.h">
      <Filter>Source Files\UI\Dialogs\ContentsTable</Filter>
    </ClInclude>
    <ClCompile Include="UI\Dialogs\ContentsTable\ContentsTableDlg.cpp">
      <Filter>Source Files\UI\Dialogs\ContentsTable</Filter>
    </ClCompile>
    <ClInclude Include="UI\Dialogs\ContentsTable\ContentsTableDlg.h">
      <Filter>Source Files\UI\Dialogs\ContentsTable</Filter>
    </ClInclude>
    <ClCompile Include="UI\Dialogs\ContentsTable\FolderDlg.cpp">
      <Filter>Source Files\UI\Dialogs\ContentsTable</Filter>
    </ClCompile>
    <ClInclude Include="UI\Dialogs\ContentsTable\FolderDlg.h">
      <Filter>Source Files\UI\Dialogs\ContentsTable</Filter>
    </ClInclude>
    <ClCompile Include="UI\Dialogs\ContentsTable\FormContainerDlg.cpp">
      <Filter>Source Files\UI\Dialogs\ContentsTable</Filter>
    </ClCompile>
    <ClInclude Include="UI\Dialogs\ContentsTable\FormContainerDlg.h">
      <Filter>Source Files\UI\Dialogs\ContentsTable</Filter>
    </ClInclude>
    <ClCompile Include="UI\Dialogs\ContentsTable\MailboxTableDlg.cpp">
      <Filter>Source Files\UI\Dialogs\ContentsTable</Filter>
    </ClCompile>
    <ClInclude Include="UI\Dialogs\ContentsTable\MailboxTableDlg.h">
      <Filter>Source Files\UI\Dialogs\ContentsTable</Filter>
    </ClInclude>
    <ClCompile Include="UI\Dialogs\ContentsTable\MainDlg.cpp">
      <Filter>Source Files\UI\Dialogs\ContentsTable</Filter>
    </ClCompile>
    <ClInclude Include="UI\Dialogs\ContentsTable\MainDlg.h">
      <Filter>Source Files\UI\Dialogs\ContentsTable</Filter>
    </ClInclude>
    <ClCompile Include="UI\Dialogs\ContentsTable\MsgServiceTableDlg.cpp">
      <Filter>Source Files\UI\Dialogs\ContentsTable</Filter>
    </ClCompile>
    <ClInclude Include="UI\Dialogs\ContentsTable\MsgServiceTableDlg.h">
      <Filter>Source Files\UI\Dialogs\ContentsTable</Filter>
    </ClInclude>
    <ClCompile Include="UI\Dialogs\ContentsTable\ProfileListDlg.cpp">
      <Filter>Source Files\UI\Dialogs\ContentsTable</Filter>
    </ClCompile>
    <ClInclude Include="UI\Dialogs\ContentsTable\ProfileListDlg.h">
      <Filter>Source Files\UI\Dialogs\ContentsTable</Filter>
    </ClInclude>
    <ClCompile Include="UI\Dialogs\ContentsTable\ProviderTableDlg.cpp">
      <Filter>Source Files\UI\Dialogs\ContentsTable</Filter>
    </ClCompile>
    <ClInclude Include="UI\Dialogs\ContentsTable\ProviderTableDlg.h">
      <Filter>Source Files\UI\Dialogs\ContentsTable</Filter>
    </ClInclude>
    <ClCompile Include="UI\Dialogs\ContentsTable\PublicFolderTableDlg.cpp">
      <Filter>Source Files\UI\Dialogs\ContentsTable</Filter>
    </ClCompile>
    <ClInclude Include="UI\Dialogs\ContentsTable\PublicFolderTableDlg.h">
      <Filter>Source Files\UI\Dialogs\ContentsTable</Filter>
    </ClInclude>
    <ClCompile Include="UI\Dialogs\ContentsTable\RecipientsDlg.cpp">
      <Filter>Source Files\UI\Dialogs\ContentsTable</Filter>
    </ClCompile>
    <ClInclude Include="UI\Dialogs\ContentsTable\RecipientsDlg.h">
      <Filter>Source Files\UI\Dialogs\ContentsTable</Filter>
    </ClInclude>
    <ClCompile Include="UI\Dialogs\ContentsTable\RulesDlg.cpp">
      <Filter>Source Files\UI\Dialogs\ContentsTable</Filter>
    </ClCompile>
    <ClInclude Include="UI\Dialogs\ContentsTable\RulesDlg.h">
      <Filter>Source Files\UI\Dialogs\ContentsTable</Filter>
    </ClInclude>
  </ItemGroup>
  <ItemGroup>
    <ClCompile Include="UI\Dialogs\Editors\DbgView.cpp">
      <Filter>Source Files\UI\Dialogs\Editors</Filter>
    </ClCompile>
    <ClInclude Include="UI\Dialogs\Editors\DbgView.h">
      <Filter>Source Files\UI\Dialogs\Editors</Filter>
    </ClInclude>
    <ClCompile Include="UI\Dialogs\Editors\Editor.cpp">
      <Filter>Source Files\UI\Dialogs\Editors</Filter>
    </ClCompile>
    <ClInclude Include="UI\Dialogs\Editors\Editor.h">
      <Filter>Source Files\UI\Dialogs\Editors</Filter>
    </ClInclude>
    <ClCompile Include="UI\Dialogs\Editors\HexEditor.cpp">
      <Filter>Source Files\UI\Dialogs\Editors</Filter>
    </ClCompile>
    <ClInclude Include="UI\Dialogs\Editors\HexEditor.h">
      <Filter>Source Files\UI\Dialogs\Editors</Filter>
    </ClInclude>
    <ClCompile Include="UI\Dialogs\Editors\MultiValuePropertyEditor.cpp">
      <Filter>Source Files\UI\Dialogs\Editors</Filter>
    </ClCompile>
    <ClInclude Include="UI\Dialogs\Editors\MultiValuePropertyEditor.h">
      <Filter>Source Files\UI\Dialogs\Editors</Filter>
    </ClInclude>
    <ClCompile Include="UI\Dialogs\Editors\Options.cpp">
      <Filter>Source Files\UI\Dialogs\Editors</Filter>
    </ClCompile>
    <ClInclude Include="UI\Dialogs\Editors\Options.h">
      <Filter>Source Files\UI\Dialogs\Editors</Filter>
    </ClInclude>
    <ClCompile Include="UI\Dialogs\Editors\PropertyEditor.cpp">
      <Filter>Source Files\UI\Dialogs\Editors</Filter>
    </ClCompile>
    <ClInclude Include="UI\Dialogs\Editors\PropertyEditor.h">
      <Filter>Source Files\UI\Dialogs\Editors</Filter>
    </ClInclude>
    <ClCompile Include="UI\Dialogs\Editors\PropertySelector.cpp">
      <Filter>Source Files\UI\Dialogs\Editors</Filter>
    </ClCompile>
    <ClInclude Include="UI\Dialogs\Editors\PropertySelector.h">
      <Filter>Source Files\UI\Dialogs\Editors</Filter>
    </ClInclude>
    <ClCompile Include="UI\Dialogs\Editors\PropertyTagEditor.cpp">
      <Filter>Source Files\UI\Dialogs\Editors</Filter>
    </ClCompile>
    <ClInclude Include="UI\Dialogs\Editors\PropertyTagEditor.h">
      <Filter>Source Files\UI\Dialogs\Editors</Filter>
    </ClInclude>
    <ClCompile Include="UI\Dialogs\Editors\QSSpecialFolders.cpp">
      <Filter>Source Files\UI\Dialogs\Editors</Filter>
    </ClCompile>
    <ClInclude Include="UI\Dialogs\Editors\QSSpecialFolders.h">
      <Filter>Source Files\UI\Dialogs\Editors</Filter>
    </ClInclude>
    <ClCompile Include="UI\Dialogs\Editors\RestrictEditor.cpp">
      <Filter>Source Files\UI\Dialogs\Editors</Filter>
    </ClCompile>
    <ClInclude Include="UI\Dialogs\Editors\RestrictEditor.h">
      <Filter>Source Files\UI\Dialogs\Editors</Filter>
    </ClInclude>
    <ClCompile Include="UI\Dialogs\Editors\SearchEditor.cpp">
      <Filter>Source Files\UI\Dialogs\Editors</Filter>
    </ClCompile>
    <ClInclude Include="UI\Dialogs\Editors\SearchEditor.h">
      <Filter>Source Files\UI\Dialogs\Editors</Filter>
    </ClInclude>
    <ClCompile Include="UI\Dialogs\Editors\StreamEditor.cpp">
      <Filter>Source Files\UI\Dialogs\Editors</Filter>
    </ClCompile>
    <ClInclude Include="UI\Dialogs\Editors\StreamEditor.h">
      <Filter>Source Files\UI\Dialogs\Editors</Filter>
    </ClInclude>
    <ClCompile Include="UI\Dialogs\Editors\TagArrayEditor.cpp">
      <Filter>Source Files\UI\Dialogs\Editors</Filter>
    </ClCompile>
    <ClInclude Include="UI\Dialogs\Editors\TagArrayEditor.h">
      <Filter>Source Files\UI\Dialogs\Editors</Filter>
    </ClInclude>
  </ItemGroup>
  <ItemGroup>
    <ClCompile Include="UI\Dialogs\HierarchyTable\ABContDlg.cpp">
      <Filter>Source Files\UI\Dialogs\HierarchyTable</Filter>
    </ClCompile>
    <ClInclude Include="UI\Dialogs\HierarchyTable\ABContDlg.h">
      <Filter>Source Files\UI\Dialogs\HierarchyTable</Filter>
    </ClInclude>
    <ClCompile Include="UI\Dialogs\HierarchyTable\HierarchyTableDlg.cpp">
      <Filter>Source Files\UI\Dialogs\HierarchyTable</Filter>
    </ClCompile>
    <ClInclude Include="UI\Dialogs\HierarchyTable\HierarchyTableDlg.h">
      <Filter>Source Files\UI\Dialogs\HierarchyTable</Filter>
    </ClInclude>
    <ClCompile Include="UI\Dialogs\HierarchyTable\MsgStoreDlg.cpp">
      <Filter>Source Files\UI\Dialogs\HierarchyTable</Filter>
    </ClCompile>
    <ClInclude Include="UI\Dialogs\HierarchyTable\MsgStoreDlg.h">
      <Filter>Source Files\UI\Dialogs\HierarchyTable</Filter>
    </ClInclude>
  </ItemGroup>
  <ItemGroup>
    <ClCompile Include="UI\ViewPane\CheckPane.cpp">
      <Filter>Source Files\UI\ViewPane</Filter>
    </ClCompile>
    <ClInclude Include="UI\ViewPane\CheckPane.h">
      <Filter>Source Files\UI\ViewPane</Filter>
    </ClInclude>
    <ClCompile Include="UI\ViewPane\CountedTextPane.cpp">
      <Filter>Source Files\UI\ViewPane</Filter>
    </ClCompile>
    <ClInclude Include="UI\ViewPane\CountedTextPane.h">
      <Filter>Source Files\UI\ViewPane</Filter>
    </ClInclude>
    <ClCompile Include="UI\ViewPane\DropDownPane.cpp">
      <Filter>Source Files\UI\ViewPane</Filter>
    </ClCompile>
    <ClInclude Include="UI\ViewPane\DropDownPane.h">
      <Filter>Source Files\UI\ViewPane</Filter>
    </ClInclude>
    <ClCompile Include="UI\ViewPane\ListPane.cpp">
      <Filter>Source Files\UI\ViewPane</Filter>
    </ClCompile>
    <ClInclude Include="UI\ViewPane\ListPane.h">
      <Filter>Source Files\UI\ViewPane</Filter>
    </ClInclude>
    <ClCompile Include="UI\ViewPane\SmartViewPane.cpp">
      <Filter>Source Files\UI\ViewPane</Filter>
    </ClCompile>
    <ClInclude Include="UI\ViewPane\SmartViewPane.h">
      <Filter>Source Files\UI\ViewPane</Filter>
    </ClInclude>
    <ClCompile Include="UI\ViewPane\TextPane.cpp">
      <Filter>Source Files\UI\ViewPane</Filter>
    </ClCompile>
    <ClInclude Include="UI\ViewPane\TextPane.h">
      <Filter>Source Files\UI\ViewPane</Filter>
    </ClInclude>
    <ClCompile Include="UI\ViewPane\ViewPane.cpp">
      <Filter>Source Files\UI\ViewPane</Filter>
    </ClCompile>
    <ClInclude Include="UI\ViewPane\ViewPane.h">
      <Filter>Source Files\UI\ViewPane</Filter>
    </ClInclude>
  </ItemGroup>
</Project>