
Microsoft Visual Studio Solution File, Format Version 12.00
# Visual Studio Version 17
VisualStudioVersion = 17.7.34031.279
MinimumVisualStudioVersion = 10.0.40219.1
Project("{8BC9CEB8-8B4A-11D0-8D11-00A0C91BC942}") = "MFCMapi", "MFCMapi.vcxproj", "{466117D5-278C-46E6-BC2E-4FA7B25C0B3F}"
	ProjectSection(ProjectDependencies) = postProject
		{ACD4DD9F-0FB8-42C8-BC1C-25A5A29CB40C} = {ACD4DD9F-0FB8-42C8-BC1C-25A5A29CB40C}
		{D2390ABA-E7B0-476D-BB38-089FEAB5357D} = {D2390ABA-E7B0-476D-BB38-089FEAB5357D}
	EndProjectSection
EndProject
Project("{8BC9CEB8-8B4A-11D0-8D11-00A0C91BC942}") = "MrMAPI", "MrMapi\MrMAPI.vcxproj", "{7AFE5655-71D0-4390-A4E0-BA915DFC18C4}"
	ProjectSection(ProjectDependencies) = postProject
		{ACD4DD9F-0FB8-42C8-BC1C-25A5A29CB40C} = {ACD4DD9F-0FB8-42C8-BC1C-25A5A29CB40C}
		{D2390ABA-E7B0-476D-BB38-089FEAB5357D} = {D2390ABA-E7B0-476D-BB38-089FEAB5357D}
	EndProjectSection
EndProject
Project("{8BC9CEB8-8B4A-11D0-8D11-00A0C91BC942}") = "UnitTest", "UnitTest\UnitTest.vcxproj", "{B8B4C7F7-682E-40EF-B5AC-054187818E23}"
	ProjectSection(ProjectDependencies) = postProject
		{ACD4DD9F-0FB8-42C8-BC1C-25A5A29CB40C} = {ACD4DD9F-0FB8-42C8-BC1C-25A5A29CB40C}
		{D2390ABA-E7B0-476D-BB38-089FEAB5357D} = {D2390ABA-E7B0-476D-BB38-089FEAB5357D}
	EndProjectSection
EndProject
Project("{8BC9CEB8-8B4A-11D0-8D11-00A0C91BC942}") = "core", "core\core.vcxproj", "{D2390ABA-E7B0-476D-BB38-089FEAB5357D}"
	ProjectSection(ProjectDependencies) = postProject
		{ACD4DD9F-0FB8-42C8-BC1C-25A5A29CB40C} = {ACD4DD9F-0FB8-42C8-BC1C-25A5A29CB40C}
	EndProjectSection
EndProject
Project("{8BC9CEB8-8B4A-11D0-8D11-00A0C91BC942}") = "mapistub", "mapistub\mapistub.vcxproj", "{ACD4DD9F-0FB8-42C8-BC1C-25A5A29CB40C}"
EndProject
Project("{8BC9CEB8-8B4A-11D0-8D11-00A0C91BC942}") = "exampleMapiConsoleApp", "exampleMapiConsoleApp\exampleMapiConsoleApp.vcxproj", "{0E30B8F5-4480-4130-BC46-BABA613B983F}"
EndProject
Global
	GlobalSection(SolutionConfigurationPlatforms) = preSolution
		Debug_Unicode|Win32 = Debug_Unicode|Win32
		Debug_Unicode|x64 = Debug_Unicode|x64
		Debug|Win32 = Debug|Win32
		Debug|x64 = Debug|x64
		Fuzz|Win32 = Fuzz|Win32
		Fuzz|x64 = Fuzz|x64
		Prefast_Unicode|Win32 = Prefast_Unicode|Win32
		Prefast_Unicode|x64 = Prefast_Unicode|x64
		Prefast|Win32 = Prefast|Win32
		Prefast|x64 = Prefast|x64
		Release_Unicode|Win32 = Release_Unicode|Win32
		Release_Unicode|x64 = Release_Unicode|x64
		Release|Win32 = Release|Win32
		Release|x64 = Release|x64
	EndGlobalSection
	GlobalSection(ProjectConfigurationPlatforms) = postSolution
		{466117D5-278C-46E6-BC2E-4FA7B25C0B3F}.Debug_Unicode|Win32.ActiveCfg = Debug_Unicode|Win32
		{466117D5-278C-46E6-BC2E-4FA7B25C0B3F}.Debug_Unicode|Win32.Build.0 = Debug_Unicode|Win32
		{466117D5-278C-46E6-BC2E-4FA7B25C0B3F}.Debug_Unicode|x64.ActiveCfg = Debug_Unicode|x64
		{466117D5-278C-46E6-BC2E-4FA7B25C0B3F}.Debug_Unicode|x64.Build.0 = Debug_Unicode|x64
		{466117D5-278C-46E6-BC2E-4FA7B25C0B3F}.Debug|Win32.ActiveCfg = Debug|Win32
		{466117D5-278C-46E6-BC2E-4FA7B25C0B3F}.Debug|Win32.Build.0 = Debug|Win32
		{466117D5-278C-46E6-BC2E-4FA7B25C0B3F}.Debug|x64.ActiveCfg = Debug|x64
		{466117D5-278C-46E6-BC2E-4FA7B25C0B3F}.Debug|x64.Build.0 = Debug|x64
		{466117D5-278C-46E6-BC2E-4FA7B25C0B3F}.Fuzz|Win32.ActiveCfg = Fuzz|Win32
		{466117D5-278C-46E6-BC2E-4FA7B25C0B3F}.Fuzz|Win32.Build.0 = Fuzz|Win32
		{466117D5-278C-46E6-BC2E-4FA7B25C0B3F}.Fuzz|x64.ActiveCfg = Fuzz|x64
		{466117D5-278C-46E6-BC2E-4FA7B25C0B3F}.Fuzz|x64.Build.0 = Fuzz|x64
		{466117D5-278C-46E6-BC2E-4FA7B25C0B3F}.Prefast_Unicode|Win32.ActiveCfg = Prefast_Unicode|Win32
		{466117D5-278C-46E6-BC2E-4FA7B25C0B3F}.Prefast_Unicode|Win32.Build.0 = Prefast_Unicode|Win32
		{466117D5-278C-46E6-BC2E-4FA7B25C0B3F}.Prefast_Unicode|x64.ActiveCfg = Prefast_Unicode|x64
		{466117D5-278C-46E6-BC2E-4FA7B25C0B3F}.Prefast_Unicode|x64.Build.0 = Prefast_Unicode|x64
		{466117D5-278C-46E6-BC2E-4FA7B25C0B3F}.Prefast|Win32.ActiveCfg = Prefast|Win32
		{466117D5-278C-46E6-BC2E-4FA7B25C0B3F}.Prefast|Win32.Build.0 = Prefast|Win32
		{466117D5-278C-46E6-BC2E-4FA7B25C0B3F}.Prefast|x64.ActiveCfg = Prefast|x64
		{466117D5-278C-46E6-BC2E-4FA7B25C0B3F}.Prefast|x64.Build.0 = Prefast|x64
		{466117D5-278C-46E6-BC2E-4FA7B25C0B3F}.Release_Unicode|Win32.ActiveCfg = Release_Unicode|Win32
		{466117D5-278C-46E6-BC2E-4FA7B25C0B3F}.Release_Unicode|Win32.Build.0 = Release_Unicode|Win32
		{466117D5-278C-46E6-BC2E-4FA7B25C0B3F}.Release_Unicode|x64.ActiveCfg = Release_Unicode|x64
		{466117D5-278C-46E6-BC2E-4FA7B25C0B3F}.Release_Unicode|x64.Build.0 = Release_Unicode|x64
		{466117D5-278C-46E6-BC2E-4FA7B25C0B3F}.Release|Win32.ActiveCfg = Release|Win32
		{466117D5-278C-46E6-BC2E-4FA7B25C0B3F}.Release|Win32.Build.0 = Release|Win32
		{466117D5-278C-46E6-BC2E-4FA7B25C0B3F}.Release|x64.ActiveCfg = Release|x64
		{466117D5-278C-46E6-BC2E-4FA7B25C0B3F}.Release|x64.Build.0 = Release|x64
		{7AFE5655-71D0-4390-A4E0-BA915DFC18C4}.Debug_Unicode|Win32.ActiveCfg = Debug_Unicode|Win32
		{7AFE5655-71D0-4390-A4E0-BA915DFC18C4}.Debug_Unicode|Win32.Build.0 = Debug_Unicode|Win32
		{7AFE5655-71D0-4390-A4E0-BA915DFC18C4}.Debug_Unicode|x64.ActiveCfg = Debug_Unicode|x64
		{7AFE5655-71D0-4390-A4E0-BA915DFC18C4}.Debug_Unicode|x64.Build.0 = Debug_Unicode|x64
		{7AFE5655-71D0-4390-A4E0-BA915DFC18C4}.Debug|Win32.ActiveCfg = Debug|Win32
		{7AFE5655-71D0-4390-A4E0-BA915DFC18C4}.Debug|Win32.Build.0 = Debug|Win32
		{7AFE5655-71D0-4390-A4E0-BA915DFC18C4}.Debug|x64.ActiveCfg = Debug|x64
		{7AFE5655-71D0-4390-A4E0-BA915DFC18C4}.Debug|x64.Build.0 = Debug|x64
		{7AFE5655-71D0-4390-A4E0-BA915DFC18C4}.Fuzz|Win32.ActiveCfg = Release_Unicode|Win32
		{7AFE5655-71D0-4390-A4E0-BA915DFC18C4}.Fuzz|x64.ActiveCfg = Release_Unicode|x64
		{7AFE5655-71D0-4390-A4E0-BA915DFC18C4}.Prefast_Unicode|Win32.ActiveCfg = Prefast_Unicode|Win32
		{7AFE5655-71D0-4390-A4E0-BA915DFC18C4}.Prefast_Unicode|Win32.Build.0 = Prefast_Unicode|Win32
		{7AFE5655-71D0-4390-A4E0-BA915DFC18C4}.Prefast_Unicode|x64.ActiveCfg = Prefast_Unicode|x64
		{7AFE5655-71D0-4390-A4E0-BA915DFC18C4}.Prefast_Unicode|x64.Build.0 = Prefast_Unicode|x64
		{7AFE5655-71D0-4390-A4E0-BA915DFC18C4}.Prefast|Win32.ActiveCfg = Prefast|Win32
		{7AFE5655-71D0-4390-A4E0-BA915DFC18C4}.Prefast|Win32.Build.0 = Prefast|Win32
		{7AFE5655-71D0-4390-A4E0-BA915DFC18C4}.Prefast|x64.ActiveCfg = Prefast|x64
		{7AFE5655-71D0-4390-A4E0-BA915DFC18C4}.Prefast|x64.Build.0 = Prefast|x64
		{7AFE5655-71D0-4390-A4E0-BA915DFC18C4}.Release_Unicode|Win32.ActiveCfg = Release_Unicode|Win32
		{7AFE5655-71D0-4390-A4E0-BA915DFC18C4}.Release_Unicode|Win32.Build.0 = Release_Unicode|Win32
		{7AFE5655-71D0-4390-A4E0-BA915DFC18C4}.Release_Unicode|x64.ActiveCfg = Release_Unicode|x64
		{7AFE5655-71D0-4390-A4E0-BA915DFC18C4}.Release_Unicode|x64.Build.0 = Release_Unicode|x64
		{7AFE5655-71D0-4390-A4E0-BA915DFC18C4}.Release|Win32.ActiveCfg = Release|Win32
		{7AFE5655-71D0-4390-A4E0-BA915DFC18C4}.Release|Win32.Build.0 = Release|Win32
		{7AFE5655-71D0-4390-A4E0-BA915DFC18C4}.Release|x64.ActiveCfg = Release|x64
		{7AFE5655-71D0-4390-A4E0-BA915DFC18C4}.Release|x64.Build.0 = Release|x64
		{B8B4C7F7-682E-40EF-B5AC-054187818E23}.Debug_Unicode|Win32.ActiveCfg = Debug_Unicode|Win32
		{B8B4C7F7-682E-40EF-B5AC-054187818E23}.Debug_Unicode|Win32.Build.0 = Debug_Unicode|Win32
		{B8B4C7F7-682E-40EF-B5AC-054187818E23}.Debug_Unicode|x64.ActiveCfg = Debug_Unicode|x64
		{B8B4C7F7-682E-40EF-B5AC-054187818E23}.Debug_Unicode|x64.Build.0 = Debug_Unicode|x64
		{B8B4C7F7-682E-40EF-B5AC-054187818E23}.Debug|Win32.ActiveCfg = Debug|Win32
		{B8B4C7F7-682E-40EF-B5AC-054187818E23}.Debug|Win32.Build.0 = Debug|Win32
		{B8B4C7F7-682E-40EF-B5AC-054187818E23}.Debug|x64.ActiveCfg = Debug|x64
		{B8B4C7F7-682E-40EF-B5AC-054187818E23}.Debug|x64.Build.0 = Debug|x64
		{B8B4C7F7-682E-40EF-B5AC-054187818E23}.Fuzz|Win32.ActiveCfg = Release_Unicode|Win32
		{B8B4C7F7-682E-40EF-B5AC-054187818E23}.Fuzz|x64.ActiveCfg = Release_Unicode|x64
		{B8B4C7F7-682E-40EF-B5AC-054187818E23}.Prefast_Unicode|Win32.ActiveCfg = Prefast_Unicode|Win32
		{B8B4C7F7-682E-40EF-B5AC-054187818E23}.Prefast_Unicode|Win32.Build.0 = Prefast_Unicode|Win32
		{B8B4C7F7-682E-40EF-B5AC-054187818E23}.Prefast_Unicode|x64.ActiveCfg = Prefast_Unicode|x64
		{B8B4C7F7-682E-40EF-B5AC-054187818E23}.Prefast_Unicode|x64.Build.0 = Prefast_Unicode|x64
		{B8B4C7F7-682E-40EF-B5AC-054187818E23}.Prefast|Win32.ActiveCfg = Prefast|Win32
		{B8B4C7F7-682E-40EF-B5AC-054187818E23}.Prefast|Win32.Build.0 = Prefast|Win32
		{B8B4C7F7-682E-40EF-B5AC-054187818E23}.Prefast|x64.ActiveCfg = Prefast|x64
		{B8B4C7F7-682E-40EF-B5AC-054187818E23}.Prefast|x64.Build.0 = Prefast|x64
		{B8B4C7F7-682E-40EF-B5AC-054187818E23}.Release_Unicode|Win32.ActiveCfg = Release_Unicode|Win32
		{B8B4C7F7-682E-40EF-B5AC-054187818E23}.Release_Unicode|Win32.Build.0 = Release_Unicode|Win32
		{B8B4C7F7-682E-40EF-B5AC-054187818E23}.Release_Unicode|x64.ActiveCfg = Release_Unicode|x64
		{B8B4C7F7-682E-40EF-B5AC-054187818E23}.Release_Unicode|x64.Build.0 = Release_Unicode|x64
		{B8B4C7F7-682E-40EF-B5AC-054187818E23}.Release|Win32.ActiveCfg = Release|Win32
		{B8B4C7F7-682E-40EF-B5AC-054187818E23}.Release|Win32.Build.0 = Release|Win32
		{B8B4C7F7-682E-40EF-B5AC-054187818E23}.Release|x64.ActiveCfg = Release|x64
		{B8B4C7F7-682E-40EF-B5AC-054187818E23}.Release|x64.Build.0 = Release|x64
		{D2390ABA-E7B0-476D-BB38-089FEAB5357D}.Debug_Unicode|Win32.ActiveCfg = Debug_Unicode|Win32
		{D2390ABA-E7B0-476D-BB38-089FEAB5357D}.Debug_Unicode|Win32.Build.0 = Debug_Unicode|Win32
		{D2390ABA-E7B0-476D-BB38-089FEAB5357D}.Debug_Unicode|x64.ActiveCfg = Debug_Unicode|x64
		{D2390ABA-E7B0-476D-BB38-089FEAB5357D}.Debug_Unicode|x64.Build.0 = Debug_Unicode|x64
		{D2390ABA-E7B0-476D-BB38-089FEAB5357D}.Debug|Win32.ActiveCfg = Debug|Win32
		{D2390ABA-E7B0-476D-BB38-089FEAB5357D}.Debug|Win32.Build.0 = Debug|Win32
		{D2390ABA-E7B0-476D-BB38-089FEAB5357D}.Debug|x64.ActiveCfg = Debug|x64
		{D2390ABA-E7B0-476D-BB38-089FEAB5357D}.Debug|x64.Build.0 = Debug|x64
		{D2390ABA-E7B0-476D-BB38-089FEAB5357D}.Fuzz|Win32.ActiveCfg = Fuzz|Win32
		{D2390ABA-E7B0-476D-BB38-089FEAB5357D}.Fuzz|Win32.Build.0 = Fuzz|Win32
		{D2390ABA-E7B0-476D-BB38-089FEAB5357D}.Fuzz|x64.ActiveCfg = Fuzz|x64
		{D2390ABA-E7B0-476D-BB38-089FEAB5357D}.Fuzz|x64.Build.0 = Fuzz|x64
		{D2390ABA-E7B0-476D-BB38-089FEAB5357D}.Prefast_Unicode|Win32.ActiveCfg = Prefast_Unicode|Win32
		{D2390ABA-E7B0-476D-BB38-089FEAB5357D}.Prefast_Unicode|Win32.Build.0 = Prefast_Unicode|Win32
		{D2390ABA-E7B0-476D-BB38-089FEAB5357D}.Prefast_Unicode|x64.ActiveCfg = Prefast_Unicode|x64
		{D2390ABA-E7B0-476D-BB38-089FEAB5357D}.Prefast_Unicode|x64.Build.0 = Prefast_Unicode|x64
		{D2390ABA-E7B0-476D-BB38-089FEAB5357D}.Prefast|Win32.ActiveCfg = Prefast|Win32
		{D2390ABA-E7B0-476D-BB38-089FEAB5357D}.Prefast|Win32.Build.0 = Prefast|Win32
		{D2390ABA-E7B0-476D-BB38-089FEAB5357D}.Prefast|x64.ActiveCfg = Prefast|x64
		{D2390ABA-E7B0-476D-BB38-089FEAB5357D}.Prefast|x64.Build.0 = Prefast|x64
		{D2390ABA-E7B0-476D-BB38-089FEAB5357D}.Release_Unicode|Win32.ActiveCfg = Release_Unicode|Win32
		{D2390ABA-E7B0-476D-BB38-089FEAB5357D}.Release_Unicode|Win32.Build.0 = Release_Unicode|Win32
		{D2390ABA-E7B0-476D-BB38-089FEAB5357D}.Release_Unicode|x64.ActiveCfg = Release_Unicode|x64
		{D2390ABA-E7B0-476D-BB38-089FEAB5357D}.Release_Unicode|x64.Build.0 = Release_Unicode|x64
		{D2390ABA-E7B0-476D-BB38-089FEAB5357D}.Release|Win32.ActiveCfg = Release|Win32
		{D2390ABA-E7B0-476D-BB38-089FEAB5357D}.Release|Win32.Build.0 = Release|Win32
		{D2390ABA-E7B0-476D-BB38-089FEAB5357D}.Release|x64.ActiveCfg = Release|x64
		{D2390ABA-E7B0-476D-BB38-089FEAB5357D}.Release|x64.Build.0 = Release|x64
		{ACD4DD9F-0FB8-42C8-BC1C-25A5A29CB40C}.Debug_Unicode|Win32.ActiveCfg = Debug_Unicode|Win32
		{ACD4DD9F-0FB8-42C8-BC1C-25A5A29CB40C}.Debug_Unicode|Win32.Build.0 = Debug_Unicode|Win32
		{ACD4DD9F-0FB8-42C8-BC1C-25A5A29CB40C}.Debug_Unicode|x64.ActiveCfg = Debug_Unicode|x64
		{ACD4DD9F-0FB8-42C8-BC1C-25A5A29CB40C}.Debug_Unicode|x64.Build.0 = Debug_Unicode|x64
		{ACD4DD9F-0FB8-42C8-BC1C-25A5A29CB40C}.Debug|Win32.ActiveCfg = Debug|Win32
		{ACD4DD9F-0FB8-42C8-BC1C-25A5A29CB40C}.Debug|Win32.Build.0 = Debug|Win32
		{ACD4DD9F-0FB8-42C8-BC1C-25A5A29CB40C}.Debug|x64.ActiveCfg = Debug|x64
		{ACD4DD9F-0FB8-42C8-BC1C-25A5A29CB40C}.Debug|x64.Build.0 = Debug|x64
		{ACD4DD9F-0FB8-42C8-BC1C-25A5A29CB40C}.Fuzz|Win32.ActiveCfg = Fuzz|Win32
		{ACD4DD9F-0FB8-42C8-BC1C-25A5A29CB40C}.Fuzz|Win32.Build.0 = Fuzz|Win32
		{ACD4DD9F-0FB8-42C8-BC1C-25A5A29CB40C}.Fuzz|x64.ActiveCfg = Fuzz|x64
		{ACD4DD9F-0FB8-42C8-BC1C-25A5A29CB40C}.Fuzz|x64.Build.0 = Fuzz|x64
		{ACD4DD9F-0FB8-42C8-BC1C-25A5A29CB40C}.Prefast_Unicode|Win32.ActiveCfg = Prefast_Unicode|Win32
		{ACD4DD9F-0FB8-42C8-BC1C-25A5A29CB40C}.Prefast_Unicode|Win32.Build.0 = Prefast_Unicode|Win32
		{ACD4DD9F-0FB8-42C8-BC1C-25A5A29CB40C}.Prefast_Unicode|x64.ActiveCfg = Prefast_Unicode|x64
		{ACD4DD9F-0FB8-42C8-BC1C-25A5A29CB40C}.Prefast_Unicode|x64.Build.0 = Prefast_Unicode|x64
		{ACD4DD9F-0FB8-42C8-BC1C-25A5A29CB40C}.Prefast|Win32.ActiveCfg = Prefast|Win32
		{ACD4DD9F-0FB8-42C8-BC1C-25A5A29CB40C}.Prefast|Win32.Build.0 = Prefast|Win32
		{ACD4DD9F-0FB8-42C8-BC1C-25A5A29CB40C}.Prefast|x64.ActiveCfg = Prefast|x64
		{ACD4DD9F-0FB8-42C8-BC1C-25A5A29CB40C}.Prefast|x64.Build.0 = Prefast|x64
		{ACD4DD9F-0FB8-42C8-BC1C-25A5A29CB40C}.Release_Unicode|Win32.ActiveCfg = Release_Unicode|Win32
		{ACD4DD9F-0FB8-42C8-BC1C-25A5A29CB40C}.Release_Unicode|Win32.Build.0 = Release_Unicode|Win32
		{ACD4DD9F-0FB8-42C8-BC1C-25A5A29CB40C}.Release_Unicode|x64.ActiveCfg = Release_Unicode|x64
		{ACD4DD9F-0FB8-42C8-BC1C-25A5A29CB40C}.Release_Unicode|x64.Build.0 = Release_Unicode|x64
		{ACD4DD9F-0FB8-42C8-BC1C-25A5A29CB40C}.Release|Win32.ActiveCfg = Release|Win32
		{ACD4DD9F-0FB8-42C8-BC1C-25A5A29CB40C}.Release|Win32.Build.0 = Release|Win32
		{ACD4DD9F-0FB8-42C8-BC1C-25A5A29CB40C}.Release|x64.ActiveCfg = Release|x64
		{ACD4DD9F-0FB8-42C8-BC1C-25A5A29CB40C}.Release|x64.Build.0 = Release|x64
		{0E30B8F5-4480-4130-BC46-BABA613B983F}.Debug_Unicode|Win32.ActiveCfg = Debug_Unicode|Win32
		{0E30B8F5-4480-4130-BC46-BABA613B983F}.Debug_Unicode|Win32.Build.0 = Debug_Unicode|Win32
		{0E30B8F5-4480-4130-BC46-BABA613B983F}.Debug_Unicode|x64.ActiveCfg = Debug_Unicode|x64
		{0E30B8F5-4480-4130-BC46-BABA613B983F}.Debug_Unicode|x64.Build.0 = Debug_Unicode|x64
		{0E30B8F5-4480-4130-BC46-BABA613B983F}.Debug|Win32.ActiveCfg = Debug|Win32
		{0E30B8F5-4480-4130-BC46-BABA613B983F}.Debug|Win32.Build.0 = Debug|Win32
		{0E30B8F5-4480-4130-BC46-BABA613B983F}.Debug|x64.ActiveCfg = Debug|x64
		{0E30B8F5-4480-4130-BC46-BABA613B983F}.Debug|x64.Build.0 = Debug|x64
		{0E30B8F5-4480-4130-BC46-BABA613B983F}.Fuzz|Win32.ActiveCfg = Release_Unicode|Win32
		{0E30B8F5-4480-4130-BC46-BABA613B983F}.Fuzz|x64.ActiveCfg = Release_Unicode|x64
		{0E30B8F5-4480-4130-BC46-BABA613B983F}.Prefast_Unicode|Win32.ActiveCfg = Prefast_Unicode|Win32
		{0E30B8F5-4480-4130-BC46-BABA613B983F}.Prefast_Unicode|Win32.Build.0 = Prefast_Unicode|Win32
		{0E30B8F5-4480-4130-BC46-BABA613B983F}.Prefast_Unicode|x64.ActiveCfg = Prefast_Unicode|x64
		{0E30B8F5-4480-4130-BC46-BABA613B983F}.Prefast_Unicode|x64.Build.0 = Prefast_Unicode|x64
		{0E30B8F5-4480-4130-BC46-BABA613B983F}.Prefast|Win32.ActiveCfg = Prefast|Win32
		{0E30B8F5-4480-4130-BC46-BABA613B983F}.Prefast|Win32.Build.0 = Prefast|Win32
		{0E30B8F5-4480-4130-BC46-BABA613B983F}.Prefast|x64.ActiveCfg = Prefast|x64
		{0E30B8F5-4480-4130-BC46-BABA613B983F}.Prefast|x64.Build.0 = Prefast|x64
		{0E30B8F5-4480-4130-BC46-BABA613B983F}.Release_Unicode|Win32.ActiveCfg = Release_Unicode|Win32
		{0E30B8F5-4480-4130-BC46-BABA613B983F}.Release_Unicode|Win32.Build.0 = Release_Unicode|Win32
		{0E30B8F5-4480-4130-BC46-BABA613B983F}.Release_Unicode|x64.ActiveCfg = Release_Unicode|x64
		{0E30B8F5-4480-4130-BC46-BABA613B983F}.Release_Unicode|x64.Build.0 = Release_Unicode|x64
		{0E30B8F5-4480-4130-BC46-BABA613B983F}.Release|Win32.ActiveCfg = Release|Win32
		{0E30B8F5-4480-4130-BC46-BABA613B983F}.Release|Win32.Build.0 = Release|Win32
		{0E30B8F5-4480-4130-BC46-BABA613B983F}.Release|x64.ActiveCfg = Release|x64
		{0E30B8F5-4480-4130-BC46-BABA613B983F}.Release|x64.Build.0 = Release|x64
	EndGlobalSection
	GlobalSection(SolutionProperties) = preSolution
		HideSolutionNode = FALSE
	EndGlobalSection
	GlobalSection(ExtensibilityGlobals) = postSolution
		SolutionGuid = {843E5DBD-D08E-47F1-9A88-7C0756361410}
	EndGlobalSection
EndGlobal
