<?xml version="1.0" encoding="utf-8"?>
<Project ToolsVersion="4.0" xmlns="http://schemas.microsoft.com/developer/msbuild/2003">
  <ItemGroup>
    <Filter Include="Source Files">
      <UniqueIdentifier>{4FC737F1-C7A5-4376-A066-2A32D752A2FF}</UniqueIdentifier>
      <Extensions>cpp;c;cc;cxx;def;odl;idl;hpj;bat;asm;asmx</Extensions>
    </Filter>
    <Filter Include="Source Files\IO">
      <UniqueIdentifier>{75d77011-9b6f-4f37-8290-afbdf335dce3}</UniqueIdentifier>
    </Filter>
    <Filter Include="Source Files\MrMAPI">
      <UniqueIdentifier>{cb752376-37c8-4fc4-b77d-e7c9d220cd32}</UniqueIdentifier>
    </Filter>
    <Filter Include="Source Files\PropertyBag">
      <UniqueIdentifier>{86a3152b-89a1-48b3-8d14-47d2c201832d}</UniqueIdentifier>
    </Filter>
    <Filter Include="Source Files\MAPI">
      <UniqueIdentifier>{3a6d1a42-ecbc-4f70-bdab-7e445a4bb323}</UniqueIdentifier>
    </Filter>
    <Filter Include="Source Files\MAPI\MAPIProcessor">
      <UniqueIdentifier>{4c12041e-a0f1-48dc-a272-85c0bef0bcc0}</UniqueIdentifier>
    </Filter>
  </ItemGroup>
  <ItemGroup>
    <ClInclude Include="cli.h">
      <Filter>Source Files\MrMAPI</Filter>
    </ClInclude>
    <ClInclude Include="..\IO\ExportProfile.h">
      <Filter>Source Files\IO</Filter>
    </ClInclude>
  </ItemGroup>
  <ItemGroup>
    <ClInclude Include="..\Enums.h">
      <Filter>Source Files</Filter>
    </ClInclude>
    <ClInclude Include="..\StdAfx.h">
      <Filter>Source Files</Filter>
    </ClInclude>
    <ClCompile Include="cli.cpp">
      <Filter>Source Files\MrMAPI</Filter>
    </ClCompile>
  </ItemGroup>
  <ItemGroup>
    <ClCompile Include="MMAcls.cpp">
      <Filter>Source Files\MrMAPI</Filter>
    </ClCompile>
    <ClInclude Include="MMAcls.h">
      <Filter>Source Files\MrMAPI</Filter>
    </ClInclude>
    <ClCompile Include="MMContents.cpp">
      <Filter>Source Files\MrMAPI</Filter>
    </ClCompile>
    <ClInclude Include="MMContents.h">
      <Filter>Source Files\MrMAPI</Filter>
    </ClInclude>
    <ClCompile Include="MMErr.cpp">
      <Filter>Source Files\MrMAPI</Filter>
    </ClCompile>
    <ClInclude Include="MMErr.h">
      <Filter>Source Files\MrMAPI</Filter>
    </ClInclude>
    <ClCompile Include="MMFidMid.cpp">
      <Filter>Source Files\MrMAPI</Filter>
    </ClCompile>
    <ClInclude Include="MMFidMid.h">
      <Filter>Source Files\MrMAPI</Filter>
    </ClInclude>
    <ClCompile Include="MMFolder.cpp">
      <Filter>Source Files\MrMAPI</Filter>
    </ClCompile>
    <ClInclude Include="MMFolder.h">
      <Filter>Source Files\MrMAPI</Filter>
    </ClInclude>
    <ClCompile Include="MMMapiMime.cpp">
      <Filter>Source Files\MrMAPI</Filter>
    </ClCompile>
    <ClInclude Include="MMMapiMime.h">
      <Filter>Source Files\MrMAPI</Filter>
    </ClInclude>
    <ClCompile Include="MMProfile.cpp">
      <Filter>Source Files\MrMAPI</Filter>
    </ClCompile>
    <ClInclude Include="MMProfile.h">
      <Filter>Source Files\MrMAPI</Filter>
    </ClInclude>
    <ClCompile Include="MMPropTag.cpp">
      <Filter>Source Files\MrMAPI</Filter>
    </ClCompile>
    <ClInclude Include="MMPropTag.h">
      <Filter>Source Files\MrMAPI</Filter>
    </ClInclude>
    <ClCompile Include="MMPst.cpp">
      <Filter>Source Files\MrMAPI</Filter>
    </ClCompile>
    <ClInclude Include="MMPst.h">
      <Filter>Source Files\MrMAPI</Filter>
    </ClInclude>
    <ClCompile Include="MMReceiveFolder.cpp">
      <Filter>Source Files\MrMAPI</Filter>
    </ClCompile>
    <ClInclude Include="MMReceiveFolder.h">
      <Filter>Source Files\MrMAPI</Filter>
    </ClInclude>
    <ClCompile Include="MMRules.cpp">
      <Filter>Source Files\MrMAPI</Filter>
    </ClCompile>
    <ClInclude Include="MMRules.h">
      <Filter>Source Files\MrMAPI</Filter>
    </ClInclude>
    <ClCompile Include="MMSmartView.cpp">
      <Filter>Source Files\MrMAPI</Filter>
    </ClCompile>
    <ClInclude Include="MMSmartView.h">
      <Filter>Source Files\MrMAPI</Filter>
    </ClInclude>
    <ClCompile Include="MMStore.cpp">
      <Filter>Source Files\MrMAPI</Filter>
    </ClCompile>
    <ClInclude Include="MMStore.h">
      <Filter>Source Files\MrMAPI</Filter>
    </ClInclude>
    <ClCompile Include="MrMAPI.cpp">
      <Filter>Source Files\MrMAPI</Filter>
    </ClCompile>
    <ClInclude Include="MrMAPI.h">
      <Filter>Source Files\MrMAPI</Filter>
    </ClInclude>
  </ItemGroup>
  <ItemGroup>
    <ClCompile Include="..\IO\ExportProfile.cpp">
      <Filter>Source Files\IO</Filter>
    </ClCompile>
    <ClCompile Include="..\IO\MFCOutput.cpp">
      <Filter>Source Files\IO</Filter>
    </ClCompile>
    <ClInclude Include="..\IO\MFCOutput.h">
      <Filter>Source Files\IO</Filter>
    </ClInclude>
  </ItemGroup>
  <ItemGroup>
    <ClCompile Include="..\MAPI\AdviseSink.cpp">
      <Filter>Source Files\MAPI</Filter>
    </ClCompile>
    <ClInclude Include="..\MAPI\AdviseSink.h">
      <Filter>Source Files\MAPI</Filter>
    </ClInclude>
    <ClCompile Include="..\MAPI\MAPIABFunctions.cpp">
      <Filter>Source Files\MAPI</Filter>
    </ClCompile>
    <ClInclude Include="..\MAPI\MAPIABFunctions.h">
      <Filter>Source Files\MAPI</Filter>
    </ClInclude>
    <ClCompile Include="..\MAPI\MAPIFunctions.cpp">
      <Filter>Source Files\MAPI</Filter>
    </ClCompile>
    <ClInclude Include="..\MAPI\MAPIFunctions.h">
      <Filter>Source Files\MAPI</Filter>
    </ClInclude>
    <ClCompile Include="..\MAPI\MAPIProfileFunctions.cpp">
      <Filter>Source Files\MAPI</Filter>
    </ClCompile>
    <ClInclude Include="..\MAPI\MAPIProfileFunctions.h">
      <Filter>Source Files\MAPI</Filter>
    </ClInclude>
  </ItemGroup>
  <ItemGroup>
    <ClCompile Include="..\MAPI\MAPIProcessor\DumpStore.cpp">
      <Filter>Source Files\MAPI\MAPIProcessor</Filter>
    </ClCompile>
    <ClInclude Include="..\MAPI\MAPIProcessor\DumpStore.h">
      <Filter>Source Files\MAPI\MAPIProcessor</Filter>
    </ClInclude>
    <ClCompile Include="..\MAPI\MAPIProcessor\MapiProcessor.cpp">
      <Filter>Source Files\MAPI\MAPIProcessor</Filter>
    </ClCompile>
    <ClInclude Include="..\MAPI\MAPIProcessor\MapiProcessor.h">
      <Filter>Source Files\MAPI\MAPIProcessor</Filter>
    </ClInclude>
  </ItemGroup>
  <ItemGroup>
    <ClCompile Include="..\PropertyBag\MAPIPropPropertyBag.cpp">
      <Filter>Source Files\PropertyBag</Filter>
    </ClCompile>
    <ClInclude Include="..\PropertyBag\MAPIPropPropertyBag.h">
      <Filter>Source Files\PropertyBag</Filter>
    </ClInclude>
    <ClInclude Include="..\PropertyBag\PropertyBag.h">
      <Filter>Source Files\PropertyBag</Filter>
    </ClInclude>
    <ClCompile Include="..\PropertyBag\RowPropertyBag.cpp">
      <Filter>Source Files\PropertyBag</Filter>
    </ClCompile>
    <ClInclude Include="..\PropertyBag\RowPropertyBag.h">
      <Filter>Source Files\PropertyBag</Filter>
    </ClInclude>
  </ItemGroup>
  <ItemGroup>
    <None Include="..\.clang-format" />
  </ItemGroup>
</Project>