<?xml version="1.0" encoding="utf-8"?>
<Project ToolsVersion="4.0" xmlns="http://schemas.microsoft.com/developer/msbuild/2003">
  <ItemGroup>
    <Filter Include="Source Files">
      <UniqueIdentifier>{4FC737F1-C7A5-4376-A066-2A32D752A2FF}</UniqueIdentifier>
      <Extensions>cpp;c;cc;cxx;def;odl;idl;hpj;bat;asm;asmx</Extensions>
    </Filter>
    <Filter Include="Source Files\MrMAPI">
      <UniqueIdentifier>{cb752376-37c8-4fc4-b77d-e7c9d220cd32}</UniqueIdentifier>
    </Filter>
  </ItemGroup>
  <ItemGroup>
    <ClInclude Include="..\StdAfx.h">
      <Filter>Source Files</Filter>
    </ClInclude>
    <ClInclude Include="mmcli.h">
      <Filter>Source Files\MrMAPI</Filter>
    </ClInclude>
    <ClInclude Include="MMNamedProps.h">
      <Filter>Source Files\MrMAPI</Filter>
    </ClInclude>
    <ClInclude Include="MMAccounts.h">
      <Filter>Source Files\MrMAPI</Filter>
    </ClInclude>
  </ItemGroup>
  <ItemGroup>
    <ClCompile Include="MMAcls.cpp">
      <Filter>Source Files\MrMAPI</Filter>
    </ClCompile>
    <ClInclude Include="MMAcls.h">
      <Filter>Source Files\MrMAPI</Filter>
    </ClInclude>
    <ClCompile Include="MMContents.cpp">
      <Filter>Source Files\MrMAPI</Filter>
    </ClCompile>
    <ClInclude Include="MMContents.h">
      <Filter>Source Files\MrMAPI</Filter>
    </ClInclude>
    <ClCompile Include="MMErr.cpp">
      <Filter>Source Files\MrMAPI</Filter>
    </ClCompile>
    <ClInclude Include="MMErr.h">
      <Filter>Source Files\MrMAPI</Filter>
    </ClInclude>
    <ClCompile Include="MMFidMid.cpp">
      <Filter>Source Files\MrMAPI</Filter>
    </ClCompile>
    <ClInclude Include="MMFidMid.h">
      <Filter>Source Files\MrMAPI</Filter>
    </ClInclude>
    <ClCompile Include="MMFolder.cpp">
      <Filter>Source Files\MrMAPI</Filter>
    </ClCompile>
    <ClInclude Include="MMFolder.h">
      <Filter>Source Files\MrMAPI</Filter>
    </ClInclude>
    <ClCompile Include="MMMapiMime.cpp">
      <Filter>Source Files\MrMAPI</Filter>
    </ClCompile>
    <ClInclude Include="MMMapiMime.h">
      <Filter>Source Files\MrMAPI</Filter>
    </ClInclude>
    <ClCompile Include="MMProfile.cpp">
      <Filter>Source Files\MrMAPI</Filter>
    </ClCompile>
    <ClInclude Include="MMProfile.h">
      <Filter>Source Files\MrMAPI</Filter>
    </ClInclude>
    <ClCompile Include="MMPropTag.cpp">
      <Filter>Source Files\MrMAPI</Filter>
    </ClCompile>
    <ClInclude Include="MMPropTag.h">
      <Filter>Source Files\MrMAPI</Filter>
    </ClInclude>
    <ClCompile Include="MMPst.cpp">
      <Filter>Source Files\MrMAPI</Filter>
    </ClCompile>
    <ClInclude Include="MMPst.h">
      <Filter>Source Files\MrMAPI</Filter>
    </ClInclude>
    <ClCompile Include="MMReceiveFolder.cpp">
      <Filter>Source Files\MrMAPI</Filter>
    </ClCompile>
    <ClInclude Include="MMReceiveFolder.h">
      <Filter>Source Files\MrMAPI</Filter>
    </ClInclude>
    <ClCompile Include="MMRules.cpp">
      <Filter>Source Files\MrMAPI</Filter>
    </ClCompile>
    <ClInclude Include="MMRules.h">
      <Filter>Source Files\MrMAPI</Filter>
    </ClInclude>
    <ClCompile Include="MMSmartView.cpp">
      <Filter>Source Files\MrMAPI</Filter>
    </ClCompile>
    <ClInclude Include="MMSmartView.h">
      <Filter>Source Files\MrMAPI</Filter>
    </ClInclude>
    <ClCompile Include="MMStore.cpp">
      <Filter>Source Files\MrMAPI</Filter>
    </ClCompile>
    <ClInclude Include="MMStore.h">
      <Filter>Source Files\MrMAPI</Filter>
    </ClInclude>
    <ClCompile Include="MrMAPI.cpp">
      <Filter>Source Files\MrMAPI</Filter>
    </ClCompile>
    <ClInclude Include="MrMAPI.h">
      <Filter>Source Files\MrMAPI</Filter>
    </ClInclude>
    <ClCompile Include="mmcli.cpp">
      <Filter>Source Files\MrMAPI</Filter>
    </ClCompile>
    <ClCompile Include="MMNamedProps.cpp">
      <Filter>Source Files\MrMAPI</Filter>
    </ClCompile>
    <ClCompile Include="MMAccounts.cpp">
      <Filter>Source Files\MrMAPI</Filter>
    </ClCompile>
  </ItemGroup>
  <ItemGroup>
    <None Include="..\.clang-format" />
  </ItemGroup>
</Project>