<?xml version="1.0" encoding="utf-8"?>
<Project ToolsVersion="4.0" xmlns="http://schemas.microsoft.com/developer/msbuild/2003">
  <ItemGroup>
    <Filter Include="Source Files">
      <UniqueIdentifier>{4FC737F1-C7A5-4376-A066-2A32D752A2FF}</UniqueIdentifier>
      <Extensions>cpp;c;cc;cxx;def;odl;idl;hpj;bat;asm;asmx</Extensions>
    </Filter>
    <Filter Include="Source Files\IO">
      <UniqueIdentifier>{75d77011-9b6f-4f37-8290-afbdf335dce3}</UniqueIdentifier>
    </Filter>
    <Filter Include="Source Files\MrMAPI">
      <UniqueIdentifier>{cb752376-37c8-4fc4-b77d-e7c9d220cd32}</UniqueIdentifier>
    </Filter>
    <Filter Include="Source Files\Property">
      <UniqueIdentifier>{04961185-85b2-4c89-8415-74f4a62bb684}</UniqueIdentifier>
    </Filter>
    <Filter Include="Source Files\PropertyBag">
      <UniqueIdentifier>{86a3152b-89a1-48b3-8d14-47d2c201832d}</UniqueIdentifier>
    </Filter>
    <Filter Include="Source Files\Interpret">
      <UniqueIdentifier>{84788600-fb9a-45ce-996e-b7dcb2ff095b}</UniqueIdentifier>
    </Filter>
    <Filter Include="Source Files\Interpret\SmartView">
      <UniqueIdentifier>{a5ecca1d-5499-416d-8cb3-c2bd21e612d0}</UniqueIdentifier>
    </Filter>
    <Filter Include="Source Files\MAPI">
      <UniqueIdentifier>{3a6d1a42-ecbc-4f70-bdab-7e445a4bb323}</UniqueIdentifier>
    </Filter>
    <Filter Include="Source Files\MAPI\MAPIProcessor">
      <UniqueIdentifier>{4c12041e-a0f1-48dc-a272-85c0bef0bcc0}</UniqueIdentifier>
    </Filter>
    <Filter Include="Source Files\MAPI\Cache">
      <UniqueIdentifier>{dff14349-20ea-46e6-b97e-3352c668cc42}</UniqueIdentifier>
    </Filter>
    <Filter Include="Source Files\Interpret\SmartView\block">
      <UniqueIdentifier>{9cacf240-42fc-4538-9f1f-6965287c2b27}</UniqueIdentifier>
    </Filter>
  </ItemGroup>
  <ItemGroup>
    <ClInclude Include="..\MAPI\Cache\GlobalCache.h">
      <Filter>Source Files\MAPI\Cache</Filter>
    </ClInclude>
    <ClInclude Include="..\MAPI\Cache\MapiObjects.h">
      <Filter>Source Files\MAPI\Cache</Filter>
    </ClInclude>
    <ClInclude Include="..\MAPI\Cache\NamedPropCache.h">
      <Filter>Source Files\MAPI\Cache</Filter>
    </ClInclude>
    <ClInclude Include="..\Interpret\SmartView\block\block.h">
      <Filter>Source Files\Interpret\SmartView\block</Filter>
    </ClInclude>
    <ClInclude Include="..\Interpret\SmartView\block\blockBytes.h">
      <Filter>Source Files\Interpret\SmartView\block</Filter>
    </ClInclude>
    <ClInclude Include="..\Interpret\SmartView\block\blockStringA.h">
      <Filter>Source Files\Interpret\SmartView\block</Filter>
    </ClInclude>
    <ClInclude Include="..\Interpret\SmartView\block\blockStringW.h">
      <Filter>Source Files\Interpret\SmartView\block</Filter>
    </ClInclude>
    <ClInclude Include="..\Interpret\SmartView\block\blockT.h">
      <Filter>Source Files\Interpret\SmartView\block</Filter>
    </ClInclude>
    <ClInclude Include="cli.h">
      <Filter>Source Files\MrMAPI</Filter>
    </ClInclude>
    <ClInclude Include="..\IO\ExportProfile.h">
      <Filter>Source Files\IO</Filter>
    </ClInclude>
    <ClInclude Include="..\IO\Registry.h">
      <Filter>Source Files\IO</Filter>
    </ClInclude>
  </ItemGroup>
  <ItemGroup>
    <ClCompile Include="..\AddIns.cpp">
      <Filter>Source Files</Filter>
    </ClCompile>
    <ClCompile Include="..\ImportProcs.cpp">
      <Filter>Source Files</Filter>
    </ClCompile>
    <ClInclude Include="..\ImportProcs.h">
      <Filter>Source Files</Filter>
    </ClInclude>
    <ClInclude Include="..\Enums.h">
      <Filter>Source Files</Filter>
    </ClInclude>
    <ClInclude Include="..\MFCMAPI.h">
      <Filter>Source Files</Filter>
    </ClInclude>
    <ClInclude Include="..\StdAfx.h">
      <Filter>Source Files</Filter>
    </ClInclude>
    <ClCompile Include="..\MAPI\Cache\GlobalCache.cpp">
      <Filter>Source Files\MAPI\Cache</Filter>
    </ClCompile>
    <ClCompile Include="..\MAPI\Cache\MapiObjects.cpp">
      <Filter>Source Files\MAPI\Cache</Filter>
    </ClCompile>
    <ClCompile Include="..\MAPI\Cache\NamedPropCache.cpp">
      <Filter>Source Files\MAPI\Cache</Filter>
    </ClCompile>
    <ClCompile Include="cli.cpp">
      <Filter>Source Files\MrMAPI</Filter>
    </ClCompile>
  </ItemGroup>
  <ItemGroup>
    <ClCompile Include="MMAcls.cpp">
      <Filter>Source Files\MrMAPI</Filter>
    </ClCompile>
    <ClInclude Include="MMAcls.h">
      <Filter>Source Files\MrMAPI</Filter>
    </ClInclude>
    <ClCompile Include="MMContents.cpp">
      <Filter>Source Files\MrMAPI</Filter>
    </ClCompile>
    <ClInclude Include="MMContents.h">
      <Filter>Source Files\MrMAPI</Filter>
    </ClInclude>
    <ClCompile Include="MMErr.cpp">
      <Filter>Source Files\MrMAPI</Filter>
    </ClCompile>
    <ClInclude Include="MMErr.h">
      <Filter>Source Files\MrMAPI</Filter>
    </ClInclude>
    <ClCompile Include="MMFidMid.cpp">
      <Filter>Source Files\MrMAPI</Filter>
    </ClCompile>
    <ClInclude Include="MMFidMid.h">
      <Filter>Source Files\MrMAPI</Filter>
    </ClInclude>
    <ClCompile Include="MMFolder.cpp">
      <Filter>Source Files\MrMAPI</Filter>
    </ClCompile>
    <ClInclude Include="MMFolder.h">
      <Filter>Source Files\MrMAPI</Filter>
    </ClInclude>
    <ClCompile Include="MMMapiMime.cpp">
      <Filter>Source Files\MrMAPI</Filter>
    </ClCompile>
    <ClInclude Include="MMMapiMime.h">
      <Filter>Source Files\MrMAPI</Filter>
    </ClInclude>
    <ClCompile Include="MMProfile.cpp">
      <Filter>Source Files\MrMAPI</Filter>
    </ClCompile>
    <ClInclude Include="MMProfile.h">
      <Filter>Source Files\MrMAPI</Filter>
    </ClInclude>
    <ClCompile Include="MMPropTag.cpp">
      <Filter>Source Files\MrMAPI</Filter>
    </ClCompile>
    <ClInclude Include="MMPropTag.h">
      <Filter>Source Files\MrMAPI</Filter>
    </ClInclude>
    <ClCompile Include="MMPst.cpp">
      <Filter>Source Files\MrMAPI</Filter>
    </ClCompile>
    <ClInclude Include="MMPst.h">
      <Filter>Source Files\MrMAPI</Filter>
    </ClInclude>
    <ClCompile Include="MMReceiveFolder.cpp">
      <Filter>Source Files\MrMAPI</Filter>
    </ClCompile>
    <ClInclude Include="MMReceiveFolder.h">
      <Filter>Source Files\MrMAPI</Filter>
    </ClInclude>
    <ClCompile Include="MMRules.cpp">
      <Filter>Source Files\MrMAPI</Filter>
    </ClCompile>
    <ClInclude Include="MMRules.h">
      <Filter>Source Files\MrMAPI</Filter>
    </ClInclude>
    <ClCompile Include="MMSmartView.cpp">
      <Filter>Source Files\MrMAPI</Filter>
    </ClCompile>
    <ClInclude Include="MMSmartView.h">
      <Filter>Source Files\MrMAPI</Filter>
    </ClInclude>
    <ClCompile Include="MMStore.cpp">
      <Filter>Source Files\MrMAPI</Filter>
    </ClCompile>
    <ClInclude Include="MMStore.h">
      <Filter>Source Files\MrMAPI</Filter>
    </ClInclude>
    <ClCompile Include="MrMAPI.cpp">
      <Filter>Source Files\MrMAPI</Filter>
    </ClCompile>
    <ClInclude Include="MrMAPI.h">
      <Filter>Source Files\MrMAPI</Filter>
    </ClInclude>
  </ItemGroup>
  <ItemGroup>
    <ClCompile Include="..\IO\Error.cpp">
      <Filter>Source Files\IO</Filter>
    </ClCompile>
    <ClInclude Include="..\IO\Error.h">
      <Filter>Source Files\IO</Filter>
    </ClInclude>
    <ClCompile Include="..\IO\ExportProfile.cpp">
      <Filter>Source Files\IO</Filter>
    </ClCompile>
    <ClCompile Include="..\IO\File.cpp">
      <Filter>Source Files\IO</Filter>
    </ClCompile>
    <ClInclude Include="..\IO\File.h">
      <Filter>Source Files\IO</Filter>
    </ClInclude>
    <ClCompile Include="..\IO\MFCOutput.cpp">
      <Filter>Source Files\IO</Filter>
    </ClCompile>
    <ClInclude Include="..\IO\MFCOutput.h">
      <Filter>Source Files\IO</Filter>
    </ClInclude>
    <ClCompile Include="..\IO\Registry.cpp">
      <Filter>Source Files\IO</Filter>
    </ClCompile>
  </ItemGroup>
  <ItemGroup>
    <ClInclude Include="..\Interpret\ErrorArray.h">
      <Filter>Source Files\Interpret</Filter>
    </ClInclude>
    <ClInclude Include="..\Interpret\ExtraPropTags.h">
      <Filter>Source Files\Interpret</Filter>
    </ClInclude>
    <ClInclude Include="..\Interpret\Flags.h">
      <Filter>Source Files\Interpret</Filter>
    </ClInclude>
    <ClInclude Include="..\Interpret\GUIDArray.h">
      <Filter>Source Files\Interpret</Filter>
    </ClInclude>
    <ClInclude Include="..\Interpret\GenTagArray.h">
      <Filter>Source Files\Interpret</Filter>
    </ClInclude>
    <ClCompile Include="..\Interpret\Guids.cpp">
      <Filter>Source Files\Interpret</Filter>
    </ClCompile>
    <ClInclude Include="..\Interpret\Guids.h">
      <Filter>Source Files\Interpret</Filter>
    </ClInclude>
    <ClCompile Include="..\Interpret\InterpretProp.cpp">
      <Filter>Source Files\Interpret</Filter>
    </ClCompile>
    <ClInclude Include="..\Interpret\InterpretProp.h">
      <Filter>Source Files\Interpret</Filter>
    </ClInclude>
    <ClInclude Include="..\Interpret\NameIDArray.h">
      <Filter>Source Files\Interpret</Filter>
    </ClInclude>
    <ClInclude Include="..\Interpret\PropTypeArray.h">
      <Filter>Source Files\Interpret</Filter>
    </ClInclude>
    <ClCompile Include="..\Interpret\Sid.cpp">
      <Filter>Source Files\Interpret</Filter>
    </ClCompile>
    <ClInclude Include="..\Interpret\Sid.h">
      <Filter>Source Files\Interpret</Filter>
    </ClInclude>
  </ItemGroup>
  <ItemGroup>
    <ClCompile Include="..\Interpret\SmartView\AdditionalRenEntryIDs.cpp">
      <Filter>Source Files\Interpret\SmartView</Filter>
    </ClCompile>
    <ClInclude Include="..\Interpret\SmartView\AdditionalRenEntryIDs.h">
      <Filter>Source Files\Interpret\SmartView</Filter>
    </ClInclude>
    <ClCompile Include="..\Interpret\SmartView\AppointmentRecurrencePattern.cpp">
      <Filter>Source Files\Interpret\SmartView</Filter>
    </ClCompile>
    <ClInclude Include="..\Interpret\SmartView\AppointmentRecurrencePattern.h">
      <Filter>Source Files\Interpret\SmartView</Filter>
    </ClInclude>
    <ClInclude Include="..\Interpret\SmartView\BinaryParser.h">
      <Filter>Source Files\Interpret\SmartView</Filter>
    </ClInclude>
    <ClCompile Include="..\Interpret\SmartView\ConversationIndex.cpp">
      <Filter>Source Files\Interpret\SmartView</Filter>
    </ClCompile>
    <ClInclude Include="..\Interpret\SmartView\ConversationIndex.h">
      <Filter>Source Files\Interpret\SmartView</Filter>
    </ClInclude>
    <ClCompile Include="..\Interpret\SmartView\EntryIdStruct.cpp">
      <Filter>Source Files\Interpret\SmartView</Filter>
    </ClCompile>
    <ClInclude Include="..\Interpret\SmartView\EntryIdStruct.h">
      <Filter>Source Files\Interpret\SmartView</Filter>
    </ClInclude>
    <ClCompile Include="..\Interpret\SmartView\EntryList.cpp">
      <Filter>Source Files\Interpret\SmartView</Filter>
    </ClCompile>
    <ClInclude Include="..\Interpret\SmartView\EntryList.h">
      <Filter>Source Files\Interpret\SmartView</Filter>
    </ClInclude>
    <ClCompile Include="..\Interpret\SmartView\ExtendedFlags.cpp">
      <Filter>Source Files\Interpret\SmartView</Filter>
    </ClCompile>
    <ClInclude Include="..\Interpret\SmartView\ExtendedFlags.h">
      <Filter>Source Files\Interpret\SmartView</Filter>
    </ClInclude>
    <ClCompile Include="..\Interpret\SmartView\FlatEntryList.cpp">
      <Filter>Source Files\Interpret\SmartView</Filter>
    </ClCompile>
    <ClInclude Include="..\Interpret\SmartView\FlatEntryList.h">
      <Filter>Source Files\Interpret\SmartView</Filter>
    </ClInclude>
    <ClCompile Include="..\Interpret\SmartView\FolderUserFieldStream.cpp">
      <Filter>Source Files\Interpret\SmartView</Filter>
    </ClCompile>
    <ClInclude Include="..\Interpret\SmartView\FolderUserFieldStream.h">
      <Filter>Source Files\Interpret\SmartView</Filter>
    </ClInclude>
    <ClCompile Include="..\Interpret\SmartView\GlobalObjectId.cpp">
      <Filter>Source Files\Interpret\SmartView</Filter>
    </ClCompile>
    <ClInclude Include="..\Interpret\SmartView\GlobalObjectId.h">
      <Filter>Source Files\Interpret\SmartView</Filter>
    </ClInclude>
    <ClCompile Include="..\Interpret\SmartView\NickNameCache.cpp">
      <Filter>Source Files\Interpret\SmartView</Filter>
    </ClCompile>
    <ClInclude Include="..\Interpret\SmartView\NickNameCache.h">
      <Filter>Source Files\Interpret\SmartView</Filter>
    </ClInclude>
    <ClCompile Include="..\Interpret\SmartView\PCL.cpp">
      <Filter>Source Files\Interpret\SmartView</Filter>
    </ClCompile>
    <ClInclude Include="..\Interpret\SmartView\PCL.h">
      <Filter>Source Files\Interpret\SmartView</Filter>
    </ClInclude>
    <ClCompile Include="..\Interpret\SmartView\PropertyDefinitionStream.cpp">
      <Filter>Source Files\Interpret\SmartView</Filter>
    </ClCompile>
    <ClInclude Include="..\Interpret\SmartView\PropertyDefinitionStream.h">
      <Filter>Source Files\Interpret\SmartView</Filter>
    </ClInclude>
    <ClCompile Include="..\Interpret\SmartView\PropertiesStruct.cpp">
      <Filter>Source Files\Interpret\SmartView</Filter>
    </ClCompile>
    <ClInclude Include="..\Interpret\SmartView\PropertiesStruct.h">
      <Filter>Source Files\Interpret\SmartView</Filter>
    </ClInclude>
    <ClCompile Include="..\Interpret\SmartView\RecipientRowStream.cpp">
      <Filter>Source Files\Interpret\SmartView</Filter>
    </ClCompile>
    <ClInclude Include="..\Interpret\SmartView\RecipientRowStream.h">
      <Filter>Source Files\Interpret\SmartView</Filter>
    </ClInclude>
    <ClCompile Include="..\Interpret\SmartView\RecurrencePattern.cpp">
      <Filter>Source Files\Interpret\SmartView</Filter>
    </ClCompile>
    <ClInclude Include="..\Interpret\SmartView\RecurrencePattern.h">
      <Filter>Source Files\Interpret\SmartView</Filter>
    </ClInclude>
    <ClCompile Include="..\Interpret\SmartView\ReportTag.cpp">
      <Filter>Source Files\Interpret\SmartView</Filter>
    </ClCompile>
    <ClInclude Include="..\Interpret\SmartView\ReportTag.h">
      <Filter>Source Files\Interpret\SmartView</Filter>
    </ClInclude>
    <ClCompile Include="..\Interpret\SmartView\RestrictionStruct.cpp">
      <Filter>Source Files\Interpret\SmartView</Filter>
    </ClCompile>
    <ClInclude Include="..\Interpret\SmartView\RestrictionStruct.h">
      <Filter>Source Files\Interpret\SmartView</Filter>
    </ClInclude>
    <ClCompile Include="..\Interpret\SmartView\RuleCondition.cpp">
      <Filter>Source Files\Interpret\SmartView</Filter>
    </ClCompile>
    <ClInclude Include="..\Interpret\SmartView\RuleCondition.h">
      <Filter>Source Files\Interpret\SmartView</Filter>
    </ClInclude>
    <ClCompile Include="..\Interpret\SmartView\SDBin.cpp">
      <Filter>Source Files\Interpret\SmartView</Filter>
    </ClCompile>
    <ClInclude Include="..\Interpret\SmartView\SDBin.h">
      <Filter>Source Files\Interpret\SmartView</Filter>
    </ClInclude>
    <ClCompile Include="..\Interpret\SmartView\SIDBin.cpp">
      <Filter>Source Files\Interpret\SmartView</Filter>
    </ClCompile>
    <ClInclude Include="..\Interpret\SmartView\SIDBin.h">
      <Filter>Source Files\Interpret\SmartView</Filter>
    </ClInclude>
    <ClCompile Include="..\Interpret\SmartView\SearchFolderDefinition.cpp">
      <Filter>Source Files\Interpret\SmartView</Filter>
    </ClCompile>
    <ClInclude Include="..\Interpret\SmartView\SearchFolderDefinition.h">
      <Filter>Source Files\Interpret\SmartView</Filter>
    </ClInclude>
    <ClCompile Include="..\Interpret\SmartView\SmartView.cpp">
      <Filter>Source Files\Interpret\SmartView</Filter>
    </ClCompile>
    <ClInclude Include="..\Interpret\SmartView\SmartView.h">
      <Filter>Source Files\Interpret\SmartView</Filter>
    </ClInclude>
    <ClCompile Include="..\Interpret\SmartView\SmartViewParser.cpp">
      <Filter>Source Files\Interpret\SmartView</Filter>
    </ClCompile>
    <ClInclude Include="..\Interpret\SmartView\SmartViewParser.h">
      <Filter>Source Files\Interpret\SmartView</Filter>
    </ClInclude>
    <ClInclude Include="..\Interpret\SmartView\SmartViewParsers.h">
      <Filter>Source Files\Interpret\SmartView</Filter>
    </ClInclude>
    <ClCompile Include="..\Interpret\SmartView\TaskAssigners.cpp">
      <Filter>Source Files\Interpret\SmartView</Filter>
    </ClCompile>
    <ClInclude Include="..\Interpret\SmartView\TaskAssigners.h">
      <Filter>Source Files\Interpret\SmartView</Filter>
    </ClInclude>
    <ClCompile Include="..\Interpret\SmartView\TimeZone.cpp">
      <Filter>Source Files\Interpret\SmartView</Filter>
    </ClCompile>
    <ClInclude Include="..\Interpret\SmartView\TimeZone.h">
      <Filter>Source Files\Interpret\SmartView</Filter>
    </ClInclude>
    <ClCompile Include="..\Interpret\SmartView\TimeZoneDefinition.cpp">
      <Filter>Source Files\Interpret\SmartView</Filter>
    </ClCompile>
    <ClInclude Include="..\Interpret\SmartView\TimeZoneDefinition.h">
      <Filter>Source Files\Interpret\SmartView</Filter>
    </ClInclude>
    <ClCompile Include="..\Interpret\SmartView\TombStone.cpp">
      <Filter>Source Files\Interpret\SmartView</Filter>
    </ClCompile>
    <ClInclude Include="..\Interpret\SmartView\TombStone.h">
      <Filter>Source Files\Interpret\SmartView</Filter>
    </ClInclude>
    <ClCompile Include="..\Interpret\SmartView\VerbStream.cpp">
      <Filter>Source Files\Interpret\SmartView</Filter>
    </ClCompile>
    <ClInclude Include="..\Interpret\SmartView\VerbStream.h">
      <Filter>Source Files\Interpret\SmartView</Filter>
    </ClInclude>
    <ClCompile Include="..\Interpret\SmartView\WebViewPersistStream.cpp">
      <Filter>Source Files\Interpret\SmartView</Filter>
    </ClCompile>
    <ClInclude Include="..\Interpret\SmartView\WebViewPersistStream.h">
      <Filter>Source Files\Interpret\SmartView</Filter>
    </ClInclude>
    <ClCompile Include="..\Interpret\SmartView\XID.cpp">
      <Filter>Source Files\Interpret\SmartView</Filter>
    </ClCompile>
    <ClInclude Include="..\Interpret\SmartView\XID.h">
      <Filter>Source Files\Interpret\SmartView</Filter>
    </ClInclude>
  </ItemGroup>
  <ItemGroup>
    <ClCompile Include="..\MAPI\AdviseSink.cpp">
      <Filter>Source Files\MAPI</Filter>
    </ClCompile>
    <ClInclude Include="..\MAPI\AdviseSink.h">
      <Filter>Source Files\MAPI</Filter>
    </ClInclude>
    <ClInclude Include="..\MAPI\ColumnTags.h">
      <Filter>Source Files\MAPI</Filter>
    </ClInclude>
    <ClCompile Include="..\MAPI\MAPIABFunctions.cpp">
      <Filter>Source Files\MAPI</Filter>
    </ClCompile>
    <ClInclude Include="..\MAPI\MAPIABFunctions.h">
      <Filter>Source Files\MAPI</Filter>
    </ClInclude>
    <ClCompile Include="..\MAPI\MAPIFunctions.cpp">
      <Filter>Source Files\MAPI</Filter>
    </ClCompile>
    <ClInclude Include="..\MAPI\MAPIFunctions.h">
      <Filter>Source Files\MAPI</Filter>
    </ClInclude>
    <ClCompile Include="..\MAPI\MapiMime.cpp">
      <Filter>Source Files\MAPI</Filter>
    </ClCompile>
    <ClInclude Include="..\MAPI\MapiMime.h">
      <Filter>Source Files\MAPI</Filter>
    </ClInclude>
    <ClCompile Include="..\MAPI\MAPIProfileFunctions.cpp">
      <Filter>Source Files\MAPI</Filter>
    </ClCompile>
    <ClInclude Include="..\MAPI\MAPIProfileFunctions.h">
      <Filter>Source Files\MAPI</Filter>
    </ClInclude>
    <ClCompile Include="..\MAPI\MAPIProgress.cpp">
      <Filter>Source Files\MAPI</Filter>
    </ClCompile>
    <ClInclude Include="..\MAPI\MAPIProgress.h">
      <Filter>Source Files\MAPI</Filter>
    </ClInclude>
    <ClCompile Include="..\MAPI\MAPIStoreFunctions.cpp">
      <Filter>Source Files\MAPI</Filter>
    </ClCompile>
    <ClInclude Include="..\MAPI\MAPIStoreFunctions.h">
      <Filter>Source Files\MAPI</Filter>
    </ClInclude>
    <ClCompile Include="..\MAPI\MapiStubLibrary.cpp">
      <Filter>Source Files\MAPI</Filter>
    </ClCompile>
    <ClCompile Include="..\MAPI\StubUtils.cpp">
      <Filter>Source Files\MAPI</Filter>
    </ClCompile>
  </ItemGroup>
  <ItemGroup>
    <ClCompile Include="..\MAPI\MAPIProcessor\DumpStore.cpp">
      <Filter>Source Files\MAPI\MAPIProcessor</Filter>
    </ClCompile>
    <ClInclude Include="..\MAPI\MAPIProcessor\DumpStore.h">
      <Filter>Source Files\MAPI\MAPIProcessor</Filter>
    </ClInclude>
    <ClCompile Include="..\MAPI\MAPIProcessor\MapiProcessor.cpp">
      <Filter>Source Files\MAPI\MAPIProcessor</Filter>
    </ClCompile>
    <ClInclude Include="..\MAPI\MAPIProcessor\MapiProcessor.h">
      <Filter>Source Files\MAPI\MAPIProcessor</Filter>
    </ClInclude>
  </ItemGroup>
  <ItemGroup>
    <ClCompile Include="..\Property\Attributes.cpp">
      <Filter>Source Files\Property</Filter>
    </ClCompile>
    <ClInclude Include="..\Property\Attributes.h">
      <Filter>Source Files\Property</Filter>
    </ClInclude>
    <ClCompile Include="..\Property\ParseProperty.cpp">
      <Filter>Source Files\Property</Filter>
    </ClCompile>
    <ClInclude Include="..\Property\ParseProperty.h">
      <Filter>Source Files\Property</Filter>
    </ClInclude>
    <ClCompile Include="..\Property\Property.cpp">
      <Filter>Source Files\Property</Filter>
    </ClCompile>
    <ClInclude Include="..\Property\Property.h">
      <Filter>Source Files\Property</Filter>
    </ClInclude>
  </ItemGroup>
  <ItemGroup>
    <ClCompile Include="..\PropertyBag\MAPIPropPropertyBag.cpp">
      <Filter>Source Files\PropertyBag</Filter>
    </ClCompile>
    <ClInclude Include="..\PropertyBag\MAPIPropPropertyBag.h">
      <Filter>Source Files\PropertyBag</Filter>
    </ClInclude>
    <ClInclude Include="..\PropertyBag\PropertyBag.h">
      <Filter>Source Files\PropertyBag</Filter>
    </ClInclude>
    <ClCompile Include="..\PropertyBag\RowPropertyBag.cpp">
      <Filter>Source Files\PropertyBag</Filter>
    </ClCompile>
    <ClInclude Include="..\PropertyBag\RowPropertyBag.h">
      <Filter>Source Files\PropertyBag</Filter>
    </ClInclude>
  </ItemGroup>
  <ItemGroup>
    <None Include="..\.clang-format" />
  </ItemGroup>
</Project>